// !$*UTF8*$!
{
	archiveVersion = 1;
	classes = {
	};
	objectVersion = 50;
	objects = {

/* Begin PBXBuildFile section */
		ED19D7FC21B1618B00D92424 /* AppDelegate.m in Sources */ = {isa = PBXBuildFile; fileRef = ED19D7FB21B1618B00D92424 /* AppDelegate.m */; };
		ED19D80221B1618B00D92424 /* Main.storyboard in Resources */ = {isa = PBXBuildFile; fileRef = ED19D80021B1618B00D92424 /* Main.storyboard */; };
		ED19D80421B1618D00D92424 /* Assets.xcassets in Resources */ = {isa = PBXBuildFile; fileRef = ED19D80321B1618D00D92424 /* Assets.xcassets */; };
		ED19D80721B1618D00D92424 /* LaunchScreen.storyboard in Resources */ = {isa = PBXBuildFile; fileRef = ED19D80521B1618D00D92424 /* LaunchScreen.storyboard */; };
		ED19D80A21B1618D00D92424 /* main.m in Sources */ = {isa = PBXBuildFile; fileRef = ED19D80921B1618D00D92424 /* main.m */; };
		ED19D81421B1618D00D92424 /* DesignPatternsTests.m in Sources */ = {isa = PBXBuildFile; fileRef = ED19D81321B1618D00D92424 /* DesignPatternsTests.m */; };
		ED19D82321B4E4A000D92424 /* Duck.m in Sources */ = {isa = PBXBuildFile; fileRef = ED19D82221B4E4A000D92424 /* Duck.m */; };
		ED19D82821B4E62900D92424 /* FlyWithWings.m in Sources */ = {isa = PBXBuildFile; fileRef = ED19D82721B4E62900D92424 /* FlyWithWings.m */; };
		ED19D82D21B4E67000D92424 /* FlyNoWay.m in Sources */ = {isa = PBXBuildFile; fileRef = ED19D82C21B4E67000D92424 /* FlyNoWay.m */; };
		ED19D83021B4E6B900D92424 /* FlyRocketPowered.m in Sources */ = {isa = PBXBuildFile; fileRef = ED19D82F21B4E6B900D92424 /* FlyRocketPowered.m */; };
		ED19D83321B4E73D00D92424 /* Quack.m in Sources */ = {isa = PBXBuildFile; fileRef = ED19D83221B4E73D00D92424 /* Quack.m */; };
		ED19D83621B4E75300D92424 /* Squeak.m in Sources */ = {isa = PBXBuildFile; fileRef = ED19D83521B4E75300D92424 /* Squeak.m */; };
		ED19D83921B4E75E00D92424 /* MuteQuack.m in Sources */ = {isa = PBXBuildFile; fileRef = ED19D83821B4E75E00D92424 /* MuteQuack.m */; };
		ED19D83C21B4FF3D00D92424 /* MallardDuck.m in Sources */ = {isa = PBXBuildFile; fileRef = ED19D83B21B4FF3D00D92424 /* MallardDuck.m */; };
		ED19D83F21B5000B00D92424 /* RedHeadDuck.m in Sources */ = {isa = PBXBuildFile; fileRef = ED19D83E21B5000B00D92424 /* RedHeadDuck.m */; };
		ED19D84421B5054F00D92424 /* PayViewController.m in Sources */ = {isa = PBXBuildFile; fileRef = ED19D84321B5054F00D92424 /* PayViewController.m */; };
		ED19D84721B505BC00D92424 /* PaymentObject.m in Sources */ = {isa = PBXBuildFile; fileRef = ED19D84621B505BC00D92424 /* PaymentObject.m */; };
		ED19D84A21B505E300D92424 /* Alipayment.m in Sources */ = {isa = PBXBuildFile; fileRef = ED19D84921B505E300D92424 /* Alipayment.m */; };
		ED19D84D21B505EE00D92424 /* WechatPayment.m in Sources */ = {isa = PBXBuildFile; fileRef = ED19D84C21B505EE00D92424 /* WechatPayment.m */; };
		ED19D85021B5061200D92424 /* ApplePayment.m in Sources */ = {isa = PBXBuildFile; fileRef = ED19D84F21B5061200D92424 /* ApplePayment.m */; };
		ED19D85821B5144F00D92424 /* MainViewController.m in Sources */ = {isa = PBXBuildFile; fileRef = ED19D85721B5144F00D92424 /* MainViewController.m */; };
		ED19D85A21B5170200D92424 /* OODesignPrinciple.strings in Resources */ = {isa = PBXBuildFile; fileRef = ED19D85921B5170200D92424 /* OODesignPrinciple.strings */; };
		ED19D85C21B5190D00D92424 /* StrategyPattern.strings in Resources */ = {isa = PBXBuildFile; fileRef = ED19D85B21B5190D00D92424 /* StrategyPattern.strings */; };
		ED19D85F21B5605200D92424 /* ObserverPattern.strings in Resources */ = {isa = PBXBuildFile; fileRef = ED19D85E21B5605200D92424 /* ObserverPattern.strings */; };
		ED19D86721B6596F00D92424 /* WeatherData.m in Sources */ = {isa = PBXBuildFile; fileRef = ED19D86621B6596F00D92424 /* WeatherData.m */; };
		ED19D86C21B6722200D92424 /* CurrentConditionsDisplay.m in Sources */ = {isa = PBXBuildFile; fileRef = ED19D86B21B6722200D92424 /* CurrentConditionsDisplay.m */; };
		ED19D86F21B6723C00D92424 /* StatisticsDisplay.m in Sources */ = {isa = PBXBuildFile; fileRef = ED19D86E21B6723C00D92424 /* StatisticsDisplay.m */; };
		ED19D87221B6724A00D92424 /* ForecastDisplay.m in Sources */ = {isa = PBXBuildFile; fileRef = ED19D87121B6724A00D92424 /* ForecastDisplay.m */; };
		ED19D87521B685F900D92424 /* FeedListViewController.m in Sources */ = {isa = PBXBuildFile; fileRef = ED19D87421B685F900D92424 /* FeedListViewController.m */; };
		ED19D87B21B763E400D92424 /* FeedModel.m in Sources */ = {isa = PBXBuildFile; fileRef = ED19D87A21B763E400D92424 /* FeedModel.m */; };
		ED19D88421B7755E00D92424 /* FeedCell.m in Sources */ = {isa = PBXBuildFile; fileRef = ED19D88321B7755E00D92424 /* FeedCell.m */; };
		ED19D88721B7B26300D92424 /* FeedDetailViewController.m in Sources */ = {isa = PBXBuildFile; fileRef = ED19D88621B7B26200D92424 /* FeedDetailViewController.m */; };
		ED19D88A21B7B29700D92424 /* FeedDetailView.m in Sources */ = {isa = PBXBuildFile; fileRef = ED19D88921B7B29700D92424 /* FeedDetailView.m */; };
		ED19D88C21B7B6D100D92424 /* PracticeDescription.strings in Resources */ = {isa = PBXBuildFile; fileRef = ED19D88B21B7B6D100D92424 /* PracticeDescription.strings */; };
		ED19D89621B949A100D92424 /* DecoratePattern.strings in Resources */ = {isa = PBXBuildFile; fileRef = ED19D89521B949A100D92424 /* DecoratePattern.strings */; };
		ED19D89D21B950A200D92424 /* Beverage.m in Sources */ = {isa = PBXBuildFile; fileRef = ED19D89C21B950A200D92424 /* Beverage.m */; };
		ED19D8A021B9524C00D92424 /* HouseBlend.m in Sources */ = {isa = PBXBuildFile; fileRef = ED19D89F21B9524C00D92424 /* HouseBlend.m */; };
		ED19D8A321B9536200D92424 /* DarkRoast.m in Sources */ = {isa = PBXBuildFile; fileRef = ED19D8A221B9536200D92424 /* DarkRoast.m */; };
		ED19D8A621B953B400D92424 /* Espresso.m in Sources */ = {isa = PBXBuildFile; fileRef = ED19D8A521B953B400D92424 /* Espresso.m */; };
		ED19D8A921B953E400D92424 /* Decaf.m in Sources */ = {isa = PBXBuildFile; fileRef = ED19D8A821B953E400D92424 /* Decaf.m */; };
		ED19D8AC21B9547400D92424 /* CondimentDecorator.m in Sources */ = {isa = PBXBuildFile; fileRef = ED19D8AB21B9547400D92424 /* CondimentDecorator.m */; };
		ED19D8B221B954CE00D92424 /* Mocha.m in Sources */ = {isa = PBXBuildFile; fileRef = ED19D8B121B954CE00D92424 /* Mocha.m */; };
		ED19D8B521B956B300D92424 /* Milk.m in Sources */ = {isa = PBXBuildFile; fileRef = ED19D8B421B956B300D92424 /* Milk.m */; };
		ED19D8B821B9572200D92424 /* Soy.m in Sources */ = {isa = PBXBuildFile; fileRef = ED19D8B721B9572200D92424 /* Soy.m */; };
		ED19D8BB21B9576000D92424 /* Whip.m in Sources */ = {isa = PBXBuildFile; fileRef = ED19D8BA21B9576000D92424 /* Whip.m */; };
		ED19D8C121BA181600D92424 /* DecorateViewController.m in Sources */ = {isa = PBXBuildFile; fileRef = ED19D8C021BA181600D92424 /* DecorateViewController.m */; };
		ED48FE1B21CA7291007EE9B9 /* PizzaStore.m in Sources */ = {isa = PBXBuildFile; fileRef = ED48FE1A21CA7290007EE9B9 /* PizzaStore.m */; };
		ED48FE1E21CA72A2007EE9B9 /* Pizza.m in Sources */ = {isa = PBXBuildFile; fileRef = ED48FE1D21CA72A2007EE9B9 /* Pizza.m */; };
		ED48FE2221CA72C6007EE9B9 /* SimplePizzaFactory.m in Sources */ = {isa = PBXBuildFile; fileRef = ED48FE2121CA72C6007EE9B9 /* SimplePizzaFactory.m */; };
		ED48FE2521CA7939007EE9B9 /* CheesePizza.m in Sources */ = {isa = PBXBuildFile; fileRef = ED48FE2421CA7939007EE9B9 /* CheesePizza.m */; };
		ED48FE2821CA7946007EE9B9 /* VeggiePizza.m in Sources */ = {isa = PBXBuildFile; fileRef = ED48FE2721CA7946007EE9B9 /* VeggiePizza.m */; };
		ED48FE2B21CA7953007EE9B9 /* ClamPizza.m in Sources */ = {isa = PBXBuildFile; fileRef = ED48FE2A21CA7953007EE9B9 /* ClamPizza.m */; };
		ED48FE2E21CA7962007EE9B9 /* PepperoniPizza.m in Sources */ = {isa = PBXBuildFile; fileRef = ED48FE2D21CA7962007EE9B9 /* PepperoniPizza.m */; };
		ED48FE3521D0FD81007EE9B9 /* YJPizzaStore.m in Sources */ = {isa = PBXBuildFile; fileRef = ED48FE3421D0FD81007EE9B9 /* YJPizzaStore.m */; };
		ED48FE3821D0FD92007EE9B9 /* YJPizza.m in Sources */ = {isa = PBXBuildFile; fileRef = ED48FE3721D0FD92007EE9B9 /* YJPizza.m */; };
		ED48FE3B21D10063007EE9B9 /* NYPizzaStore.m in Sources */ = {isa = PBXBuildFile; fileRef = ED48FE3A21D10063007EE9B9 /* NYPizzaStore.m */; };
		ED48FE3E21D1007F007EE9B9 /* ChicagoPizzaStore.m in Sources */ = {isa = PBXBuildFile; fileRef = ED48FE3D21D1007F007EE9B9 /* ChicagoPizzaStore.m */; };
		ED48FE4321D10117007EE9B9 /* NYStyleCheesePizza.m in Sources */ = {isa = PBXBuildFile; fileRef = ED48FE4221D10117007EE9B9 /* NYStyleCheesePizza.m */; };
		ED48FE4621D10130007EE9B9 /* NYStyleVeggiePizza.m in Sources */ = {isa = PBXBuildFile; fileRef = ED48FE4521D10130007EE9B9 /* NYStyleVeggiePizza.m */; };
		ED48FE4921D10142007EE9B9 /* NYStyleClamPizza.m in Sources */ = {isa = PBXBuildFile; fileRef = ED48FE4821D10142007EE9B9 /* NYStyleClamPizza.m */; };
		ED48FE4C21D1015B007EE9B9 /* NYStylePepperoniPizza.m in Sources */ = {isa = PBXBuildFile; fileRef = ED48FE4B21D1015B007EE9B9 /* NYStylePepperoniPizza.m */; };
		ED48FE4F21D101A5007EE9B9 /* ChicagoStyleCheesePizza.m in Sources */ = {isa = PBXBuildFile; fileRef = ED48FE4E21D101A5007EE9B9 /* ChicagoStyleCheesePizza.m */; };
		ED48FE5221D101B7007EE9B9 /* ChicagoStyleVeggiePizza.m in Sources */ = {isa = PBXBuildFile; fileRef = ED48FE5121D101B7007EE9B9 /* ChicagoStyleVeggiePizza.m */; };
		ED48FE5521D1020B007EE9B9 /* ChicagoStyleClamPizza.m in Sources */ = {isa = PBXBuildFile; fileRef = ED48FE5421D1020B007EE9B9 /* ChicagoStyleClamPizza.m */; };
		ED48FE5821D10223007EE9B9 /* ChicagoStylePepperoniPizza.m in Sources */ = {isa = PBXBuildFile; fileRef = ED48FE5721D10223007EE9B9 /* ChicagoStylePepperoniPizza.m */; };
		ED8855092224142800676B87 /* SingletonPattern.strings in Resources */ = {isa = PBXBuildFile; fileRef = ED8855082224142800676B87 /* SingletonPattern.strings */; };
		ED943A30221D84EB00BBA091 /* ABasePizzaStore.m in Sources */ = {isa = PBXBuildFile; fileRef = ED943A2F221D84EB00BBA091 /* ABasePizzaStore.m */; };
		ED943A33221D850B00BBA091 /* ABasePizza.m in Sources */ = {isa = PBXBuildFile; fileRef = ED943A32221D850B00BBA091 /* ABasePizza.m */; };
		ED943A36221D858700BBA091 /* ACheesePizza.m in Sources */ = {isa = PBXBuildFile; fileRef = ED943A35221D858700BBA091 /* ACheesePizza.m */; };
		ED943A39221D859700BBA091 /* AVeggiePizza.m in Sources */ = {isa = PBXBuildFile; fileRef = ED943A38221D859700BBA091 /* AVeggiePizza.m */; };
		ED943A3C221D85A700BBA091 /* AClamPizza.m in Sources */ = {isa = PBXBuildFile; fileRef = ED943A3B221D85A700BBA091 /* AClamPizza.m */; };
		ED943A3F221D85B700BBA091 /* APepperoniPizza.m in Sources */ = {isa = PBXBuildFile; fileRef = ED943A3E221D85B700BBA091 /* APepperoniPizza.m */; };
		ED943A42221D85FC00BBA091 /* ANYPizzaStore.m in Sources */ = {isa = PBXBuildFile; fileRef = ED943A41221D85FC00BBA091 /* ANYPizzaStore.m */; };
		ED943A45221D861200BBA091 /* AChicagoPizzaStore.m in Sources */ = {isa = PBXBuildFile; fileRef = ED943A44221D861200BBA091 /* AChicagoPizzaStore.m */; };
		ED943A4B221E39AB00BBA091 /* AIngredientFirst.m in Sources */ = {isa = PBXBuildFile; fileRef = ED943A4A221E39AB00BBA091 /* AIngredientFirst.m */; };
		ED943A4E221E39BF00BBA091 /* AIngredientSecond.m in Sources */ = {isa = PBXBuildFile; fileRef = ED943A4D221E39BF00BBA091 /* AIngredientSecond.m */; };
		ED943A51221E39DB00BBA091 /* AChicagoIngredientFirst.m in Sources */ = {isa = PBXBuildFile; fileRef = ED943A50221E39DB00BBA091 /* AChicagoIngredientFirst.m */; };
		ED943A54221E39F500BBA091 /* AChicagoIngredientSecond.m in Sources */ = {isa = PBXBuildFile; fileRef = ED943A53221E39F500BBA091 /* AChicagoIngredientSecond.m */; };
		ED943A57221E3A1500BBA091 /* ANYIngredientSecond.m in Sources */ = {isa = PBXBuildFile; fileRef = ED943A56221E3A1500BBA091 /* ANYIngredientSecond.m */; };
		ED943A5A221E3A2700BBA091 /* ANYIngredientFirst.m in Sources */ = {isa = PBXBuildFile; fileRef = ED943A59221E3A2700BBA091 /* ANYIngredientFirst.m */; };
		ED943A61221E3A6300BBA091 /* AIngredientFactory.m in Sources */ = {isa = PBXBuildFile; fileRef = ED943A60221E3A6300BBA091 /* AIngredientFactory.m */; };
		ED943A64221E3A9700BBA091 /* AChicagoIngredientFactory.m in Sources */ = {isa = PBXBuildFile; fileRef = ED943A63221E3A9700BBA091 /* AChicagoIngredientFactory.m */; };
		ED943A67221E3AC600BBA091 /* ANYIngredientFactory.m in Sources */ = {isa = PBXBuildFile; fileRef = ED943A66221E3AC600BBA091 /* ANYIngredientFactory.m */; };
		ED9B42AE2235309500032EA1 /* Singleton.m in Sources */ = {isa = PBXBuildFile; fileRef = ED9B42AD2235309500032EA1 /* Singleton.m */; };
		EDEC21CF21BE93A50088381F /* FactoryPattern.strings in Resources */ = {isa = PBXBuildFile; fileRef = EDEC21CE21BE93A50088381F /* FactoryPattern.strings */; };
/* End PBXBuildFile section */

/* Begin PBXContainerItemProxy section */
		ED19D81021B1618D00D92424 /* PBXContainerItemProxy */ = {
			isa = PBXContainerItemProxy;
			containerPortal = ED19D7EF21B1618B00D92424 /* Project object */;
			proxyType = 1;
			remoteGlobalIDString = ED19D7F621B1618B00D92424;
			remoteInfo = DesignPatterns;
		};
/* End PBXContainerItemProxy section */

/* Begin PBXFileReference section */
		ED19D7F721B1618B00D92424 /* DesignPatterns.app */ = {isa = PBXFileReference; explicitFileType = wrapper.application; includeInIndex = 0; path = DesignPatterns.app; sourceTree = BUILT_PRODUCTS_DIR; };
		ED19D7FA21B1618B00D92424 /* AppDelegate.h */ = {isa = PBXFileReference; lastKnownFileType = sourcecode.c.h; path = AppDelegate.h; sourceTree = "<group>"; };
		ED19D7FB21B1618B00D92424 /* AppDelegate.m */ = {isa = PBXFileReference; lastKnownFileType = sourcecode.c.objc; path = AppDelegate.m; sourceTree = "<group>"; };
		ED19D80121B1618B00D92424 /* Base */ = {isa = PBXFileReference; lastKnownFileType = file.storyboard; name = Base; path = Base.lproj/Main.storyboard; sourceTree = "<group>"; };
		ED19D80321B1618D00D92424 /* Assets.xcassets */ = {isa = PBXFileReference; lastKnownFileType = folder.assetcatalog; path = Assets.xcassets; sourceTree = "<group>"; };
		ED19D80621B1618D00D92424 /* Base */ = {isa = PBXFileReference; lastKnownFileType = file.storyboard; name = Base; path = Base.lproj/LaunchScreen.storyboard; sourceTree = "<group>"; };
		ED19D80821B1618D00D92424 /* Info.plist */ = {isa = PBXFileReference; lastKnownFileType = text.plist.xml; path = Info.plist; sourceTree = "<group>"; };
		ED19D80921B1618D00D92424 /* main.m */ = {isa = PBXFileReference; lastKnownFileType = sourcecode.c.objc; path = main.m; sourceTree = "<group>"; };
		ED19D80F21B1618D00D92424 /* DesignPatternsTests.xctest */ = {isa = PBXFileReference; explicitFileType = wrapper.cfbundle; includeInIndex = 0; path = DesignPatternsTests.xctest; sourceTree = BUILT_PRODUCTS_DIR; };
		ED19D81321B1618D00D92424 /* DesignPatternsTests.m */ = {isa = PBXFileReference; lastKnownFileType = sourcecode.c.objc; path = DesignPatternsTests.m; sourceTree = "<group>"; };
		ED19D81521B1618D00D92424 /* Info.plist */ = {isa = PBXFileReference; lastKnownFileType = text.plist.xml; path = Info.plist; sourceTree = "<group>"; };
		ED19D82121B4E4A000D92424 /* Duck.h */ = {isa = PBXFileReference; lastKnownFileType = sourcecode.c.h; path = Duck.h; sourceTree = "<group>"; };
		ED19D82221B4E4A000D92424 /* Duck.m */ = {isa = PBXFileReference; lastKnownFileType = sourcecode.c.objc; path = Duck.m; sourceTree = "<group>"; };
		ED19D82421B4E52E00D92424 /* FlyInterface.h */ = {isa = PBXFileReference; lastKnownFileType = sourcecode.c.h; path = FlyInterface.h; sourceTree = "<group>"; };
		ED19D82521B4E59A00D92424 /* QuackInterface.h */ = {isa = PBXFileReference; lastKnownFileType = sourcecode.c.h; path = QuackInterface.h; sourceTree = "<group>"; };
		ED19D82621B4E62900D92424 /* FlyWithWings.h */ = {isa = PBXFileReference; lastKnownFileType = sourcecode.c.h; path = FlyWithWings.h; sourceTree = "<group>"; };
		ED19D82721B4E62900D92424 /* FlyWithWings.m */ = {isa = PBXFileReference; lastKnownFileType = sourcecode.c.objc; path = FlyWithWings.m; sourceTree = "<group>"; };
		ED19D82B21B4E67000D92424 /* FlyNoWay.h */ = {isa = PBXFileReference; lastKnownFileType = sourcecode.c.h; path = FlyNoWay.h; sourceTree = "<group>"; };
		ED19D82C21B4E67000D92424 /* FlyNoWay.m */ = {isa = PBXFileReference; lastKnownFileType = sourcecode.c.objc; path = FlyNoWay.m; sourceTree = "<group>"; };
		ED19D82E21B4E6B900D92424 /* FlyRocketPowered.h */ = {isa = PBXFileReference; lastKnownFileType = sourcecode.c.h; path = FlyRocketPowered.h; sourceTree = "<group>"; };
		ED19D82F21B4E6B900D92424 /* FlyRocketPowered.m */ = {isa = PBXFileReference; lastKnownFileType = sourcecode.c.objc; path = FlyRocketPowered.m; sourceTree = "<group>"; };
		ED19D83121B4E73D00D92424 /* Quack.h */ = {isa = PBXFileReference; lastKnownFileType = sourcecode.c.h; path = Quack.h; sourceTree = "<group>"; };
		ED19D83221B4E73D00D92424 /* Quack.m */ = {isa = PBXFileReference; lastKnownFileType = sourcecode.c.objc; path = Quack.m; sourceTree = "<group>"; };
		ED19D83421B4E75200D92424 /* Squeak.h */ = {isa = PBXFileReference; lastKnownFileType = sourcecode.c.h; path = Squeak.h; sourceTree = "<group>"; };
		ED19D83521B4E75300D92424 /* Squeak.m */ = {isa = PBXFileReference; lastKnownFileType = sourcecode.c.objc; path = Squeak.m; sourceTree = "<group>"; };
		ED19D83721B4E75E00D92424 /* MuteQuack.h */ = {isa = PBXFileReference; lastKnownFileType = sourcecode.c.h; path = MuteQuack.h; sourceTree = "<group>"; };
		ED19D83821B4E75E00D92424 /* MuteQuack.m */ = {isa = PBXFileReference; lastKnownFileType = sourcecode.c.objc; path = MuteQuack.m; sourceTree = "<group>"; };
		ED19D83A21B4FF3D00D92424 /* MallardDuck.h */ = {isa = PBXFileReference; lastKnownFileType = sourcecode.c.h; path = MallardDuck.h; sourceTree = "<group>"; };
		ED19D83B21B4FF3D00D92424 /* MallardDuck.m */ = {isa = PBXFileReference; lastKnownFileType = sourcecode.c.objc; path = MallardDuck.m; sourceTree = "<group>"; };
		ED19D83D21B5000B00D92424 /* RedHeadDuck.h */ = {isa = PBXFileReference; lastKnownFileType = sourcecode.c.h; path = RedHeadDuck.h; sourceTree = "<group>"; };
		ED19D83E21B5000B00D92424 /* RedHeadDuck.m */ = {isa = PBXFileReference; lastKnownFileType = sourcecode.c.objc; path = RedHeadDuck.m; sourceTree = "<group>"; };
		ED19D84221B5054F00D92424 /* PayViewController.h */ = {isa = PBXFileReference; lastKnownFileType = sourcecode.c.h; path = PayViewController.h; sourceTree = "<group>"; };
		ED19D84321B5054F00D92424 /* PayViewController.m */ = {isa = PBXFileReference; lastKnownFileType = sourcecode.c.objc; path = PayViewController.m; sourceTree = "<group>"; };
		ED19D84521B505BC00D92424 /* PaymentObject.h */ = {isa = PBXFileReference; lastKnownFileType = sourcecode.c.h; path = PaymentObject.h; sourceTree = "<group>"; };
		ED19D84621B505BC00D92424 /* PaymentObject.m */ = {isa = PBXFileReference; lastKnownFileType = sourcecode.c.objc; path = PaymentObject.m; sourceTree = "<group>"; };
		ED19D84821B505E300D92424 /* Alipayment.h */ = {isa = PBXFileReference; lastKnownFileType = sourcecode.c.h; path = Alipayment.h; sourceTree = "<group>"; };
		ED19D84921B505E300D92424 /* Alipayment.m */ = {isa = PBXFileReference; lastKnownFileType = sourcecode.c.objc; path = Alipayment.m; sourceTree = "<group>"; };
		ED19D84B21B505EE00D92424 /* WechatPayment.h */ = {isa = PBXFileReference; lastKnownFileType = sourcecode.c.h; path = WechatPayment.h; sourceTree = "<group>"; };
		ED19D84C21B505EE00D92424 /* WechatPayment.m */ = {isa = PBXFileReference; lastKnownFileType = sourcecode.c.objc; path = WechatPayment.m; sourceTree = "<group>"; };
		ED19D84E21B5061200D92424 /* ApplePayment.h */ = {isa = PBXFileReference; lastKnownFileType = sourcecode.c.h; path = ApplePayment.h; sourceTree = "<group>"; };
		ED19D84F21B5061200D92424 /* ApplePayment.m */ = {isa = PBXFileReference; lastKnownFileType = sourcecode.c.objc; path = ApplePayment.m; sourceTree = "<group>"; };
		ED19D85521B5069900D92424 /* PaymentInterface.h */ = {isa = PBXFileReference; lastKnownFileType = sourcecode.c.h; path = PaymentInterface.h; sourceTree = "<group>"; };
		ED19D85621B5144F00D92424 /* MainViewController.h */ = {isa = PBXFileReference; lastKnownFileType = sourcecode.c.h; path = MainViewController.h; sourceTree = "<group>"; };
		ED19D85721B5144F00D92424 /* MainViewController.m */ = {isa = PBXFileReference; lastKnownFileType = sourcecode.c.objc; path = MainViewController.m; sourceTree = "<group>"; };
		ED19D85921B5170200D92424 /* OODesignPrinciple.strings */ = {isa = PBXFileReference; lastKnownFileType = text.plist.strings; path = OODesignPrinciple.strings; sourceTree = "<group>"; };
		ED19D85B21B5190D00D92424 /* StrategyPattern.strings */ = {isa = PBXFileReference; lastKnownFileType = text.plist.strings; path = StrategyPattern.strings; sourceTree = "<group>"; };
		ED19D85E21B5605200D92424 /* ObserverPattern.strings */ = {isa = PBXFileReference; lastKnownFileType = text.plist.strings; path = ObserverPattern.strings; sourceTree = "<group>"; };
		ED19D86221B6593000D92424 /* SubjectInterface.h */ = {isa = PBXFileReference; lastKnownFileType = sourcecode.c.h; path = SubjectInterface.h; sourceTree = "<group>"; };
		ED19D86321B6594200D92424 /* ObserverInterface.h */ = {isa = PBXFileReference; lastKnownFileType = sourcecode.c.h; path = ObserverInterface.h; sourceTree = "<group>"; };
		ED19D86421B6595600D92424 /* DisplayElementInterface.h */ = {isa = PBXFileReference; lastKnownFileType = sourcecode.c.h; path = DisplayElementInterface.h; sourceTree = "<group>"; };
		ED19D86521B6596F00D92424 /* WeatherData.h */ = {isa = PBXFileReference; lastKnownFileType = sourcecode.c.h; path = WeatherData.h; sourceTree = "<group>"; };
		ED19D86621B6596F00D92424 /* WeatherData.m */ = {isa = PBXFileReference; lastKnownFileType = sourcecode.c.objc; path = WeatherData.m; sourceTree = "<group>"; };
		ED19D86A21B6722200D92424 /* CurrentConditionsDisplay.h */ = {isa = PBXFileReference; lastKnownFileType = sourcecode.c.h; path = CurrentConditionsDisplay.h; sourceTree = "<group>"; };
		ED19D86B21B6722200D92424 /* CurrentConditionsDisplay.m */ = {isa = PBXFileReference; lastKnownFileType = sourcecode.c.objc; path = CurrentConditionsDisplay.m; sourceTree = "<group>"; };
		ED19D86D21B6723C00D92424 /* StatisticsDisplay.h */ = {isa = PBXFileReference; lastKnownFileType = sourcecode.c.h; path = StatisticsDisplay.h; sourceTree = "<group>"; };
		ED19D86E21B6723C00D92424 /* StatisticsDisplay.m */ = {isa = PBXFileReference; lastKnownFileType = sourcecode.c.objc; path = StatisticsDisplay.m; sourceTree = "<group>"; };
		ED19D87021B6724A00D92424 /* ForecastDisplay.h */ = {isa = PBXFileReference; lastKnownFileType = sourcecode.c.h; path = ForecastDisplay.h; sourceTree = "<group>"; };
		ED19D87121B6724A00D92424 /* ForecastDisplay.m */ = {isa = PBXFileReference; lastKnownFileType = sourcecode.c.objc; path = ForecastDisplay.m; sourceTree = "<group>"; };
		ED19D87321B685F900D92424 /* FeedListViewController.h */ = {isa = PBXFileReference; lastKnownFileType = sourcecode.c.h; path = FeedListViewController.h; sourceTree = "<group>"; };
		ED19D87421B685F900D92424 /* FeedListViewController.m */ = {isa = PBXFileReference; lastKnownFileType = sourcecode.c.objc; path = FeedListViewController.m; sourceTree = "<group>"; };
		ED19D87921B763E400D92424 /* FeedModel.h */ = {isa = PBXFileReference; lastKnownFileType = sourcecode.c.h; path = FeedModel.h; sourceTree = "<group>"; };
		ED19D87A21B763E400D92424 /* FeedModel.m */ = {isa = PBXFileReference; lastKnownFileType = sourcecode.c.objc; path = FeedModel.m; sourceTree = "<group>"; };
		ED19D88021B7664E00D92424 /* DPModelInterface.h */ = {isa = PBXFileReference; lastKnownFileType = sourcecode.c.h; path = DPModelInterface.h; sourceTree = "<group>"; };
		ED19D88121B7694700D92424 /* DPViewInterface.h */ = {isa = PBXFileReference; lastKnownFileType = sourcecode.c.h; path = DPViewInterface.h; sourceTree = "<group>"; };
		ED19D88221B7755E00D92424 /* FeedCell.h */ = {isa = PBXFileReference; lastKnownFileType = sourcecode.c.h; path = FeedCell.h; sourceTree = "<group>"; };
		ED19D88321B7755E00D92424 /* FeedCell.m */ = {isa = PBXFileReference; lastKnownFileType = sourcecode.c.objc; path = FeedCell.m; sourceTree = "<group>"; };
		ED19D88521B7B26200D92424 /* FeedDetailViewController.h */ = {isa = PBXFileReference; lastKnownFileType = sourcecode.c.h; path = FeedDetailViewController.h; sourceTree = "<group>"; };
		ED19D88621B7B26200D92424 /* FeedDetailViewController.m */ = {isa = PBXFileReference; lastKnownFileType = sourcecode.c.objc; path = FeedDetailViewController.m; sourceTree = "<group>"; };
		ED19D88821B7B29700D92424 /* FeedDetailView.h */ = {isa = PBXFileReference; lastKnownFileType = sourcecode.c.h; path = FeedDetailView.h; sourceTree = "<group>"; };
		ED19D88921B7B29700D92424 /* FeedDetailView.m */ = {isa = PBXFileReference; lastKnownFileType = sourcecode.c.objc; path = FeedDetailView.m; sourceTree = "<group>"; };
		ED19D88B21B7B6D100D92424 /* PracticeDescription.strings */ = {isa = PBXFileReference; lastKnownFileType = text.plist.strings; path = PracticeDescription.strings; sourceTree = "<group>"; };
		ED19D89521B949A100D92424 /* DecoratePattern.strings */ = {isa = PBXFileReference; lastKnownFileType = text.plist.strings; path = DecoratePattern.strings; sourceTree = "<group>"; };
		ED19D89B21B950A200D92424 /* Beverage.h */ = {isa = PBXFileReference; lastKnownFileType = sourcecode.c.h; path = Beverage.h; sourceTree = "<group>"; };
		ED19D89C21B950A200D92424 /* Beverage.m */ = {isa = PBXFileReference; lastKnownFileType = sourcecode.c.objc; path = Beverage.m; sourceTree = "<group>"; };
		ED19D89E21B9524C00D92424 /* HouseBlend.h */ = {isa = PBXFileReference; lastKnownFileType = sourcecode.c.h; path = HouseBlend.h; sourceTree = "<group>"; };
		ED19D89F21B9524C00D92424 /* HouseBlend.m */ = {isa = PBXFileReference; lastKnownFileType = sourcecode.c.objc; path = HouseBlend.m; sourceTree = "<group>"; };
		ED19D8A121B9536200D92424 /* DarkRoast.h */ = {isa = PBXFileReference; lastKnownFileType = sourcecode.c.h; path = DarkRoast.h; sourceTree = "<group>"; };
		ED19D8A221B9536200D92424 /* DarkRoast.m */ = {isa = PBXFileReference; lastKnownFileType = sourcecode.c.objc; path = DarkRoast.m; sourceTree = "<group>"; };
		ED19D8A421B953B400D92424 /* Espresso.h */ = {isa = PBXFileReference; lastKnownFileType = sourcecode.c.h; path = Espresso.h; sourceTree = "<group>"; };
		ED19D8A521B953B400D92424 /* Espresso.m */ = {isa = PBXFileReference; lastKnownFileType = sourcecode.c.objc; path = Espresso.m; sourceTree = "<group>"; };
		ED19D8A721B953E400D92424 /* Decaf.h */ = {isa = PBXFileReference; lastKnownFileType = sourcecode.c.h; path = Decaf.h; sourceTree = "<group>"; };
		ED19D8A821B953E400D92424 /* Decaf.m */ = {isa = PBXFileReference; lastKnownFileType = sourcecode.c.objc; path = Decaf.m; sourceTree = "<group>"; };
		ED19D8AA21B9547400D92424 /* CondimentDecorator.h */ = {isa = PBXFileReference; lastKnownFileType = sourcecode.c.h; path = CondimentDecorator.h; sourceTree = "<group>"; };
		ED19D8AB21B9547400D92424 /* CondimentDecorator.m */ = {isa = PBXFileReference; lastKnownFileType = sourcecode.c.objc; path = CondimentDecorator.m; sourceTree = "<group>"; };
		ED19D8B021B954CE00D92424 /* Mocha.h */ = {isa = PBXFileReference; lastKnownFileType = sourcecode.c.h; path = Mocha.h; sourceTree = "<group>"; };
		ED19D8B121B954CE00D92424 /* Mocha.m */ = {isa = PBXFileReference; lastKnownFileType = sourcecode.c.objc; path = Mocha.m; sourceTree = "<group>"; };
		ED19D8B321B956B300D92424 /* Milk.h */ = {isa = PBXFileReference; lastKnownFileType = sourcecode.c.h; path = Milk.h; sourceTree = "<group>"; };
		ED19D8B421B956B300D92424 /* Milk.m */ = {isa = PBXFileReference; lastKnownFileType = sourcecode.c.objc; path = Milk.m; sourceTree = "<group>"; };
		ED19D8B621B9572200D92424 /* Soy.h */ = {isa = PBXFileReference; lastKnownFileType = sourcecode.c.h; path = Soy.h; sourceTree = "<group>"; };
		ED19D8B721B9572200D92424 /* Soy.m */ = {isa = PBXFileReference; lastKnownFileType = sourcecode.c.objc; path = Soy.m; sourceTree = "<group>"; };
		ED19D8B921B9576000D92424 /* Whip.h */ = {isa = PBXFileReference; lastKnownFileType = sourcecode.c.h; path = Whip.h; sourceTree = "<group>"; };
		ED19D8BA21B9576000D92424 /* Whip.m */ = {isa = PBXFileReference; lastKnownFileType = sourcecode.c.objc; path = Whip.m; sourceTree = "<group>"; };
		ED19D8BF21BA181600D92424 /* DecorateViewController.h */ = {isa = PBXFileReference; lastKnownFileType = sourcecode.c.h; path = DecorateViewController.h; sourceTree = "<group>"; };
		ED19D8C021BA181600D92424 /* DecorateViewController.m */ = {isa = PBXFileReference; lastKnownFileType = sourcecode.c.objc; path = DecorateViewController.m; sourceTree = "<group>"; };
		ED48FE1921CA7290007EE9B9 /* PizzaStore.h */ = {isa = PBXFileReference; lastKnownFileType = sourcecode.c.h; path = PizzaStore.h; sourceTree = "<group>"; };
		ED48FE1A21CA7290007EE9B9 /* PizzaStore.m */ = {isa = PBXFileReference; lastKnownFileType = sourcecode.c.objc; path = PizzaStore.m; sourceTree = "<group>"; };
		ED48FE1C21CA72A2007EE9B9 /* Pizza.h */ = {isa = PBXFileReference; lastKnownFileType = sourcecode.c.h; path = Pizza.h; sourceTree = "<group>"; };
		ED48FE1D21CA72A2007EE9B9 /* Pizza.m */ = {isa = PBXFileReference; lastKnownFileType = sourcecode.c.objc; path = Pizza.m; sourceTree = "<group>"; };
		ED48FE2021CA72C6007EE9B9 /* SimplePizzaFactory.h */ = {isa = PBXFileReference; lastKnownFileType = sourcecode.c.h; path = SimplePizzaFactory.h; sourceTree = "<group>"; };
		ED48FE2121CA72C6007EE9B9 /* SimplePizzaFactory.m */ = {isa = PBXFileReference; lastKnownFileType = sourcecode.c.objc; path = SimplePizzaFactory.m; sourceTree = "<group>"; };
		ED48FE2321CA7939007EE9B9 /* CheesePizza.h */ = {isa = PBXFileReference; lastKnownFileType = sourcecode.c.h; path = CheesePizza.h; sourceTree = "<group>"; };
		ED48FE2421CA7939007EE9B9 /* CheesePizza.m */ = {isa = PBXFileReference; lastKnownFileType = sourcecode.c.objc; path = CheesePizza.m; sourceTree = "<group>"; };
		ED48FE2621CA7946007EE9B9 /* VeggiePizza.h */ = {isa = PBXFileReference; lastKnownFileType = sourcecode.c.h; path = VeggiePizza.h; sourceTree = "<group>"; };
		ED48FE2721CA7946007EE9B9 /* VeggiePizza.m */ = {isa = PBXFileReference; lastKnownFileType = sourcecode.c.objc; path = VeggiePizza.m; sourceTree = "<group>"; };
		ED48FE2921CA7953007EE9B9 /* ClamPizza.h */ = {isa = PBXFileReference; lastKnownFileType = sourcecode.c.h; path = ClamPizza.h; sourceTree = "<group>"; };
		ED48FE2A21CA7953007EE9B9 /* ClamPizza.m */ = {isa = PBXFileReference; lastKnownFileType = sourcecode.c.objc; path = ClamPizza.m; sourceTree = "<group>"; };
		ED48FE2C21CA7962007EE9B9 /* PepperoniPizza.h */ = {isa = PBXFileReference; lastKnownFileType = sourcecode.c.h; path = PepperoniPizza.h; sourceTree = "<group>"; };
		ED48FE2D21CA7962007EE9B9 /* PepperoniPizza.m */ = {isa = PBXFileReference; lastKnownFileType = sourcecode.c.objc; path = PepperoniPizza.m; sourceTree = "<group>"; };
		ED48FE3321D0FD81007EE9B9 /* YJPizzaStore.h */ = {isa = PBXFileReference; lastKnownFileType = sourcecode.c.h; path = YJPizzaStore.h; sourceTree = "<group>"; };
		ED48FE3421D0FD81007EE9B9 /* YJPizzaStore.m */ = {isa = PBXFileReference; lastKnownFileType = sourcecode.c.objc; path = YJPizzaStore.m; sourceTree = "<group>"; };
		ED48FE3621D0FD92007EE9B9 /* YJPizza.h */ = {isa = PBXFileReference; lastKnownFileType = sourcecode.c.h; path = YJPizza.h; sourceTree = "<group>"; };
		ED48FE3721D0FD92007EE9B9 /* YJPizza.m */ = {isa = PBXFileReference; lastKnownFileType = sourcecode.c.objc; path = YJPizza.m; sourceTree = "<group>"; };
		ED48FE3921D10063007EE9B9 /* NYPizzaStore.h */ = {isa = PBXFileReference; lastKnownFileType = sourcecode.c.h; path = NYPizzaStore.h; sourceTree = "<group>"; };
		ED48FE3A21D10063007EE9B9 /* NYPizzaStore.m */ = {isa = PBXFileReference; lastKnownFileType = sourcecode.c.objc; path = NYPizzaStore.m; sourceTree = "<group>"; };
		ED48FE3C21D1007F007EE9B9 /* ChicagoPizzaStore.h */ = {isa = PBXFileReference; lastKnownFileType = sourcecode.c.h; path = ChicagoPizzaStore.h; sourceTree = "<group>"; };
		ED48FE3D21D1007F007EE9B9 /* ChicagoPizzaStore.m */ = {isa = PBXFileReference; lastKnownFileType = sourcecode.c.objc; path = ChicagoPizzaStore.m; sourceTree = "<group>"; };
		ED48FE4121D10117007EE9B9 /* NYStyleCheesePizza.h */ = {isa = PBXFileReference; lastKnownFileType = sourcecode.c.h; path = NYStyleCheesePizza.h; sourceTree = "<group>"; };
		ED48FE4221D10117007EE9B9 /* NYStyleCheesePizza.m */ = {isa = PBXFileReference; lastKnownFileType = sourcecode.c.objc; path = NYStyleCheesePizza.m; sourceTree = "<group>"; };
		ED48FE4421D10130007EE9B9 /* NYStyleVeggiePizza.h */ = {isa = PBXFileReference; lastKnownFileType = sourcecode.c.h; path = NYStyleVeggiePizza.h; sourceTree = "<group>"; };
		ED48FE4521D10130007EE9B9 /* NYStyleVeggiePizza.m */ = {isa = PBXFileReference; lastKnownFileType = sourcecode.c.objc; path = NYStyleVeggiePizza.m; sourceTree = "<group>"; };
		ED48FE4721D10142007EE9B9 /* NYStyleClamPizza.h */ = {isa = PBXFileReference; lastKnownFileType = sourcecode.c.h; path = NYStyleClamPizza.h; sourceTree = "<group>"; };
		ED48FE4821D10142007EE9B9 /* NYStyleClamPizza.m */ = {isa = PBXFileReference; lastKnownFileType = sourcecode.c.objc; path = NYStyleClamPizza.m; sourceTree = "<group>"; };
		ED48FE4A21D1015B007EE9B9 /* NYStylePepperoniPizza.h */ = {isa = PBXFileReference; lastKnownFileType = sourcecode.c.h; path = NYStylePepperoniPizza.h; sourceTree = "<group>"; };
		ED48FE4B21D1015B007EE9B9 /* NYStylePepperoniPizza.m */ = {isa = PBXFileReference; lastKnownFileType = sourcecode.c.objc; path = NYStylePepperoniPizza.m; sourceTree = "<group>"; };
		ED48FE4D21D101A5007EE9B9 /* ChicagoStyleCheesePizza.h */ = {isa = PBXFileReference; lastKnownFileType = sourcecode.c.h; path = ChicagoStyleCheesePizza.h; sourceTree = "<group>"; };
		ED48FE4E21D101A5007EE9B9 /* ChicagoStyleCheesePizza.m */ = {isa = PBXFileReference; lastKnownFileType = sourcecode.c.objc; path = ChicagoStyleCheesePizza.m; sourceTree = "<group>"; };
		ED48FE5021D101B7007EE9B9 /* ChicagoStyleVeggiePizza.h */ = {isa = PBXFileReference; lastKnownFileType = sourcecode.c.h; path = ChicagoStyleVeggiePizza.h; sourceTree = "<group>"; };
		ED48FE5121D101B7007EE9B9 /* ChicagoStyleVeggiePizza.m */ = {isa = PBXFileReference; lastKnownFileType = sourcecode.c.objc; path = ChicagoStyleVeggiePizza.m; sourceTree = "<group>"; };
		ED48FE5321D1020B007EE9B9 /* ChicagoStyleClamPizza.h */ = {isa = PBXFileReference; lastKnownFileType = sourcecode.c.h; path = ChicagoStyleClamPizza.h; sourceTree = "<group>"; };
		ED48FE5421D1020B007EE9B9 /* ChicagoStyleClamPizza.m */ = {isa = PBXFileReference; lastKnownFileType = sourcecode.c.objc; path = ChicagoStyleClamPizza.m; sourceTree = "<group>"; };
		ED48FE5621D10223007EE9B9 /* ChicagoStylePepperoniPizza.h */ = {isa = PBXFileReference; lastKnownFileType = sourcecode.c.h; path = ChicagoStylePepperoniPizza.h; sourceTree = "<group>"; };
		ED48FE5721D10223007EE9B9 /* ChicagoStylePepperoniPizza.m */ = {isa = PBXFileReference; lastKnownFileType = sourcecode.c.objc; path = ChicagoStylePepperoniPizza.m; sourceTree = "<group>"; };
		ED8855082224142800676B87 /* SingletonPattern.strings */ = {isa = PBXFileReference; lastKnownFileType = text.plist.strings; path = SingletonPattern.strings; sourceTree = "<group>"; };
		ED943A2E221D84EB00BBA091 /* ABasePizzaStore.h */ = {isa = PBXFileReference; lastKnownFileType = sourcecode.c.h; path = ABasePizzaStore.h; sourceTree = "<group>"; };
		ED943A2F221D84EB00BBA091 /* ABasePizzaStore.m */ = {isa = PBXFileReference; lastKnownFileType = sourcecode.c.objc; path = ABasePizzaStore.m; sourceTree = "<group>"; };
		ED943A31221D850B00BBA091 /* ABasePizza.h */ = {isa = PBXFileReference; lastKnownFileType = sourcecode.c.h; path = ABasePizza.h; sourceTree = "<group>"; };
		ED943A32221D850B00BBA091 /* ABasePizza.m */ = {isa = PBXFileReference; lastKnownFileType = sourcecode.c.objc; path = ABasePizza.m; sourceTree = "<group>"; };
		ED943A34221D858700BBA091 /* ACheesePizza.h */ = {isa = PBXFileReference; lastKnownFileType = sourcecode.c.h; path = ACheesePizza.h; sourceTree = "<group>"; };
		ED943A35221D858700BBA091 /* ACheesePizza.m */ = {isa = PBXFileReference; lastKnownFileType = sourcecode.c.objc; path = ACheesePizza.m; sourceTree = "<group>"; };
		ED943A37221D859700BBA091 /* AVeggiePizza.h */ = {isa = PBXFileReference; lastKnownFileType = sourcecode.c.h; path = AVeggiePizza.h; sourceTree = "<group>"; };
		ED943A38221D859700BBA091 /* AVeggiePizza.m */ = {isa = PBXFileReference; lastKnownFileType = sourcecode.c.objc; path = AVeggiePizza.m; sourceTree = "<group>"; };
		ED943A3A221D85A700BBA091 /* AClamPizza.h */ = {isa = PBXFileReference; lastKnownFileType = sourcecode.c.h; path = AClamPizza.h; sourceTree = "<group>"; };
		ED943A3B221D85A700BBA091 /* AClamPizza.m */ = {isa = PBXFileReference; lastKnownFileType = sourcecode.c.objc; path = AClamPizza.m; sourceTree = "<group>"; };
		ED943A3D221D85B700BBA091 /* APepperoniPizza.h */ = {isa = PBXFileReference; lastKnownFileType = sourcecode.c.h; path = APepperoniPizza.h; sourceTree = "<group>"; };
		ED943A3E221D85B700BBA091 /* APepperoniPizza.m */ = {isa = PBXFileReference; lastKnownFileType = sourcecode.c.objc; path = APepperoniPizza.m; sourceTree = "<group>"; };
		ED943A40221D85FC00BBA091 /* ANYPizzaStore.h */ = {isa = PBXFileReference; lastKnownFileType = sourcecode.c.h; path = ANYPizzaStore.h; sourceTree = "<group>"; };
		ED943A41221D85FC00BBA091 /* ANYPizzaStore.m */ = {isa = PBXFileReference; lastKnownFileType = sourcecode.c.objc; path = ANYPizzaStore.m; sourceTree = "<group>"; };
		ED943A43221D861200BBA091 /* AChicagoPizzaStore.h */ = {isa = PBXFileReference; lastKnownFileType = sourcecode.c.h; path = AChicagoPizzaStore.h; sourceTree = "<group>"; };
		ED943A44221D861200BBA091 /* AChicagoPizzaStore.m */ = {isa = PBXFileReference; lastKnownFileType = sourcecode.c.objc; path = AChicagoPizzaStore.m; sourceTree = "<group>"; };
		ED943A49221E39AB00BBA091 /* AIngredientFirst.h */ = {isa = PBXFileReference; lastKnownFileType = sourcecode.c.h; path = AIngredientFirst.h; sourceTree = "<group>"; };
		ED943A4A221E39AB00BBA091 /* AIngredientFirst.m */ = {isa = PBXFileReference; lastKnownFileType = sourcecode.c.objc; path = AIngredientFirst.m; sourceTree = "<group>"; };
		ED943A4C221E39BF00BBA091 /* AIngredientSecond.h */ = {isa = PBXFileReference; lastKnownFileType = sourcecode.c.h; path = AIngredientSecond.h; sourceTree = "<group>"; };
		ED943A4D221E39BF00BBA091 /* AIngredientSecond.m */ = {isa = PBXFileReference; lastKnownFileType = sourcecode.c.objc; path = AIngredientSecond.m; sourceTree = "<group>"; };
		ED943A4F221E39DB00BBA091 /* AChicagoIngredientFirst.h */ = {isa = PBXFileReference; lastKnownFileType = sourcecode.c.h; path = AChicagoIngredientFirst.h; sourceTree = "<group>"; };
		ED943A50221E39DB00BBA091 /* AChicagoIngredientFirst.m */ = {isa = PBXFileReference; lastKnownFileType = sourcecode.c.objc; path = AChicagoIngredientFirst.m; sourceTree = "<group>"; };
		ED943A52221E39F500BBA091 /* AChicagoIngredientSecond.h */ = {isa = PBXFileReference; lastKnownFileType = sourcecode.c.h; path = AChicagoIngredientSecond.h; sourceTree = "<group>"; };
		ED943A53221E39F500BBA091 /* AChicagoIngredientSecond.m */ = {isa = PBXFileReference; lastKnownFileType = sourcecode.c.objc; path = AChicagoIngredientSecond.m; sourceTree = "<group>"; };
		ED943A55221E3A1500BBA091 /* ANYIngredientSecond.h */ = {isa = PBXFileReference; lastKnownFileType = sourcecode.c.h; path = ANYIngredientSecond.h; sourceTree = "<group>"; };
		ED943A56221E3A1500BBA091 /* ANYIngredientSecond.m */ = {isa = PBXFileReference; lastKnownFileType = sourcecode.c.objc; path = ANYIngredientSecond.m; sourceTree = "<group>"; };
		ED943A58221E3A2700BBA091 /* ANYIngredientFirst.h */ = {isa = PBXFileReference; lastKnownFileType = sourcecode.c.h; path = ANYIngredientFirst.h; sourceTree = "<group>"; };
		ED943A59221E3A2700BBA091 /* ANYIngredientFirst.m */ = {isa = PBXFileReference; lastKnownFileType = sourcecode.c.objc; path = ANYIngredientFirst.m; sourceTree = "<group>"; };
		ED943A5F221E3A6300BBA091 /* AIngredientFactory.h */ = {isa = PBXFileReference; lastKnownFileType = sourcecode.c.h; path = AIngredientFactory.h; sourceTree = "<group>"; };
		ED943A60221E3A6300BBA091 /* AIngredientFactory.m */ = {isa = PBXFileReference; lastKnownFileType = sourcecode.c.objc; path = AIngredientFactory.m; sourceTree = "<group>"; };
		ED943A62221E3A9700BBA091 /* AChicagoIngredientFactory.h */ = {isa = PBXFileReference; lastKnownFileType = sourcecode.c.h; path = AChicagoIngredientFactory.h; sourceTree = "<group>"; };
		ED943A63221E3A9700BBA091 /* AChicagoIngredientFactory.m */ = {isa = PBXFileReference; lastKnownFileType = sourcecode.c.objc; path = AChicagoIngredientFactory.m; sourceTree = "<group>"; };
		ED943A65221E3AC600BBA091 /* ANYIngredientFactory.h */ = {isa = PBXFileReference; lastKnownFileType = sourcecode.c.h; path = ANYIngredientFactory.h; sourceTree = "<group>"; };
		ED943A66221E3AC600BBA091 /* ANYIngredientFactory.m */ = {isa = PBXFileReference; lastKnownFileType = sourcecode.c.objc; path = ANYIngredientFactory.m; sourceTree = "<group>"; };
		ED9B42AC2235309500032EA1 /* Singleton.h */ = {isa = PBXFileReference; lastKnownFileType = sourcecode.c.h; path = Singleton.h; sourceTree = "<group>"; };
		ED9B42AD2235309500032EA1 /* Singleton.m */ = {isa = PBXFileReference; lastKnownFileType = sourcecode.c.objc; path = Singleton.m; sourceTree = "<group>"; };
		EDEC21CE21BE93A50088381F /* FactoryPattern.strings */ = {isa = PBXFileReference; lastKnownFileType = text.plist.strings; path = FactoryPattern.strings; sourceTree = "<group>"; };
/* End PBXFileReference section */

/* Begin PBXFrameworksBuildPhase section */
		ED19D7F421B1618B00D92424 /* Frameworks */ = {
			isa = PBXFrameworksBuildPhase;
			buildActionMask = 2147483647;
			files = (
			);
			runOnlyForDeploymentPostprocessing = 0;
		};
		ED19D80C21B1618D00D92424 /* Frameworks */ = {
			isa = PBXFrameworksBuildPhase;
			buildActionMask = 2147483647;
			files = (
			);
			runOnlyForDeploymentPostprocessing = 0;
		};
/* End PBXFrameworksBuildPhase section */

/* Begin PBXGroup section */
		ED19D7EE21B1618B00D92424 = {
			isa = PBXGroup;
			children = (
				ED19D85921B5170200D92424 /* OODesignPrinciple.strings */,
				ED19D81E21B4E28100D92424 /* StrategyPattern（策略模式） */,
				ED19D85D21B55E0600D92424 /* ObserverPattern（观察者模式） */,
				ED19D89421B9036500D92424 /* DecoratePattern (装饰者模式) */,
				EDEC21CD21BE93230088381F /* FactoryPattern (工厂模式) */,
				ED8855062224137600676B87 /* SingletonPattern（单例模式） */,
				ED19D81F21B4E29A00D92424 /* Supporting Files */,
				ED19D7F821B1618B00D92424 /* Products */,
			);
			sourceTree = "<group>";
		};
		ED19D7F821B1618B00D92424 /* Products */ = {
			isa = PBXGroup;
			children = (
				ED19D7F721B1618B00D92424 /* DesignPatterns.app */,
				ED19D80F21B1618D00D92424 /* DesignPatternsTests.xctest */,
			);
			name = Products;
			sourceTree = "<group>";
		};
		ED19D81221B1618D00D92424 /* DesignPatternsTests */ = {
			isa = PBXGroup;
			children = (
				ED19D81321B1618D00D92424 /* DesignPatternsTests.m */,
				ED19D81521B1618D00D92424 /* Info.plist */,
			);
			path = DesignPatternsTests;
			sourceTree = "<group>";
		};
		ED19D81E21B4E28100D92424 /* StrategyPattern（策略模式） */ = {
			isa = PBXGroup;
			children = (
				ED19D85B21B5190D00D92424 /* StrategyPattern.strings */,
				ED19D84021B504E800D92424 /* Example（示例） */,
				ED19D84121B504F800D92424 /* Practice（实践） */,
			);
			path = "StrategyPattern（策略模式）";
			sourceTree = "<group>";
		};
		ED19D81F21B4E29A00D92424 /* Supporting Files */ = {
			isa = PBXGroup;
			children = (
				ED19D7FA21B1618B00D92424 /* AppDelegate.h */,
				ED19D7FB21B1618B00D92424 /* AppDelegate.m */,
				ED19D85621B5144F00D92424 /* MainViewController.h */,
				ED19D85721B5144F00D92424 /* MainViewController.m */,
				ED19D80021B1618B00D92424 /* Main.storyboard */,
				ED19D80321B1618D00D92424 /* Assets.xcassets */,
				ED19D80521B1618D00D92424 /* LaunchScreen.storyboard */,
				ED19D80821B1618D00D92424 /* Info.plist */,
				ED19D80921B1618D00D92424 /* main.m */,
				ED19D81221B1618D00D92424 /* DesignPatternsTests */,
			);
			path = "Supporting Files";
			sourceTree = "<group>";
		};
		ED19D82921B4E64200D92424 /* FlyBehavior */ = {
			isa = PBXGroup;
			children = (
				ED19D82421B4E52E00D92424 /* FlyInterface.h */,
				ED19D82621B4E62900D92424 /* FlyWithWings.h */,
				ED19D82721B4E62900D92424 /* FlyWithWings.m */,
				ED19D82B21B4E67000D92424 /* FlyNoWay.h */,
				ED19D82C21B4E67000D92424 /* FlyNoWay.m */,
				ED19D82E21B4E6B900D92424 /* FlyRocketPowered.h */,
				ED19D82F21B4E6B900D92424 /* FlyRocketPowered.m */,
			);
			path = FlyBehavior;
			sourceTree = "<group>";
		};
		ED19D82A21B4E65100D92424 /* QuackBehavior */ = {
			isa = PBXGroup;
			children = (
				ED19D82521B4E59A00D92424 /* QuackInterface.h */,
				ED19D83121B4E73D00D92424 /* Quack.h */,
				ED19D83221B4E73D00D92424 /* Quack.m */,
				ED19D83421B4E75200D92424 /* Squeak.h */,
				ED19D83521B4E75300D92424 /* Squeak.m */,
				ED19D83721B4E75E00D92424 /* MuteQuack.h */,
				ED19D83821B4E75E00D92424 /* MuteQuack.m */,
			);
			path = QuackBehavior;
			sourceTree = "<group>";
		};
		ED19D84021B504E800D92424 /* Example（示例） */ = {
			isa = PBXGroup;
			children = (
				ED19D82121B4E4A000D92424 /* Duck.h */,
				ED19D82221B4E4A000D92424 /* Duck.m */,
				ED19D83A21B4FF3D00D92424 /* MallardDuck.h */,
				ED19D83B21B4FF3D00D92424 /* MallardDuck.m */,
				ED19D83D21B5000B00D92424 /* RedHeadDuck.h */,
				ED19D83E21B5000B00D92424 /* RedHeadDuck.m */,
				ED19D82A21B4E65100D92424 /* QuackBehavior */,
				ED19D82921B4E64200D92424 /* FlyBehavior */,
			);
			path = "Example（示例）";
			sourceTree = "<group>";
		};
		ED19D84121B504F800D92424 /* Practice（实践） */ = {
			isa = PBXGroup;
			children = (
				ED19D84221B5054F00D92424 /* PayViewController.h */,
				ED19D84321B5054F00D92424 /* PayViewController.m */,
				ED19D84521B505BC00D92424 /* PaymentObject.h */,
				ED19D84621B505BC00D92424 /* PaymentObject.m */,
				ED19D85521B5069900D92424 /* PaymentInterface.h */,
				ED19D85121B5062100D92424 /* PaymentStyle */,
			);
			path = "Practice（实践）";
			sourceTree = "<group>";
		};
		ED19D85121B5062100D92424 /* PaymentStyle */ = {
			isa = PBXGroup;
			children = (
				ED19D85421B5064B00D92424 /* ApplePay */,
				ED19D85321B5063800D92424 /* Wechat */,
				ED19D85221B5062D00D92424 /* Alipay */,
			);
			path = PaymentStyle;
			sourceTree = "<group>";
		};
		ED19D85221B5062D00D92424 /* Alipay */ = {
			isa = PBXGroup;
			children = (
				ED19D84821B505E300D92424 /* Alipayment.h */,
				ED19D84921B505E300D92424 /* Alipayment.m */,
			);
			path = Alipay;
			sourceTree = "<group>";
		};
		ED19D85321B5063800D92424 /* Wechat */ = {
			isa = PBXGroup;
			children = (
				ED19D84B21B505EE00D92424 /* WechatPayment.h */,
				ED19D84C21B505EE00D92424 /* WechatPayment.m */,
			);
			path = Wechat;
			sourceTree = "<group>";
		};
		ED19D85421B5064B00D92424 /* ApplePay */ = {
			isa = PBXGroup;
			children = (
				ED19D84E21B5061200D92424 /* ApplePayment.h */,
				ED19D84F21B5061200D92424 /* ApplePayment.m */,
			);
			path = ApplePay;
			sourceTree = "<group>";
		};
		ED19D85D21B55E0600D92424 /* ObserverPattern（观察者模式） */ = {
			isa = PBXGroup;
			children = (
				ED19D85E21B5605200D92424 /* ObserverPattern.strings */,
				ED19D86021B6115100D92424 /* Example */,
				ED19D86121B6115A00D92424 /* Practice */,
			);
			path = "ObserverPattern（观察者模式）";
			sourceTree = "<group>";
		};
		ED19D86021B6115100D92424 /* Example */ = {
			isa = PBXGroup;
			children = (
				ED19D86821B6598F00D92424 /* Subject */,
				ED19D86921B6599D00D92424 /* Observer */,
			);
			path = Example;
			sourceTree = "<group>";
		};
		ED19D86121B6115A00D92424 /* Practice */ = {
			isa = PBXGroup;
			children = (
				ED19D88B21B7B6D100D92424 /* PracticeDescription.strings */,
				ED19D88021B7664E00D92424 /* DPModelInterface.h */,
				ED19D88121B7694700D92424 /* DPViewInterface.h */,
				ED19D87721B7639100D92424 /* Model (Subject) */,
				ED19D87821B7639700D92424 /* View (Observer) */,
				ED19D87621B7638000D92424 /* ViewController */,
			);
			path = Practice;
			sourceTree = "<group>";
		};
		ED19D86821B6598F00D92424 /* Subject */ = {
			isa = PBXGroup;
			children = (
				ED19D86221B6593000D92424 /* SubjectInterface.h */,
				ED19D86521B6596F00D92424 /* WeatherData.h */,
				ED19D86621B6596F00D92424 /* WeatherData.m */,
			);
			path = Subject;
			sourceTree = "<group>";
		};
		ED19D86921B6599D00D92424 /* Observer */ = {
			isa = PBXGroup;
			children = (
				ED19D86321B6594200D92424 /* ObserverInterface.h */,
				ED19D86421B6595600D92424 /* DisplayElementInterface.h */,
				ED19D86A21B6722200D92424 /* CurrentConditionsDisplay.h */,
				ED19D86B21B6722200D92424 /* CurrentConditionsDisplay.m */,
				ED19D86D21B6723C00D92424 /* StatisticsDisplay.h */,
				ED19D86E21B6723C00D92424 /* StatisticsDisplay.m */,
				ED19D87021B6724A00D92424 /* ForecastDisplay.h */,
				ED19D87121B6724A00D92424 /* ForecastDisplay.m */,
			);
			path = Observer;
			sourceTree = "<group>";
		};
		ED19D87621B7638000D92424 /* ViewController */ = {
			isa = PBXGroup;
			children = (
				ED19D87321B685F900D92424 /* FeedListViewController.h */,
				ED19D87421B685F900D92424 /* FeedListViewController.m */,
				ED19D88521B7B26200D92424 /* FeedDetailViewController.h */,
				ED19D88621B7B26200D92424 /* FeedDetailViewController.m */,
			);
			path = ViewController;
			sourceTree = "<group>";
		};
		ED19D87721B7639100D92424 /* Model (Subject) */ = {
			isa = PBXGroup;
			children = (
				ED19D87921B763E400D92424 /* FeedModel.h */,
				ED19D87A21B763E400D92424 /* FeedModel.m */,
			);
			path = "Model (Subject)";
			sourceTree = "<group>";
		};
		ED19D87821B7639700D92424 /* View (Observer) */ = {
			isa = PBXGroup;
			children = (
				ED19D88221B7755E00D92424 /* FeedCell.h */,
				ED19D88321B7755E00D92424 /* FeedCell.m */,
				ED19D88821B7B29700D92424 /* FeedDetailView.h */,
				ED19D88921B7B29700D92424 /* FeedDetailView.m */,
			);
			path = "View (Observer)";
			sourceTree = "<group>";
		};
		ED19D89421B9036500D92424 /* DecoratePattern (装饰者模式) */ = {
			isa = PBXGroup;
			children = (
				ED19D89521B949A100D92424 /* DecoratePattern.strings */,
				ED19D89721B94DF400D92424 /* Example */,
				ED19D89821B94E0800D92424 /* Practice */,
			);
			path = "DecoratePattern (装饰者模式)";
			sourceTree = "<group>";
		};
		ED19D89721B94DF400D92424 /* Example */ = {
			isa = PBXGroup;
			children = (
				ED19D89921B9505400D92424 /* Component */,
				ED19D89A21B9506C00D92424 /* Decorate */,
			);
			path = Example;
			sourceTree = "<group>";
		};
		ED19D89821B94E0800D92424 /* Practice */ = {
			isa = PBXGroup;
			children = (
				ED19D8BF21BA181600D92424 /* DecorateViewController.h */,
				ED19D8C021BA181600D92424 /* DecorateViewController.m */,
			);
			path = Practice;
			sourceTree = "<group>";
		};
		ED19D89921B9505400D92424 /* Component */ = {
			isa = PBXGroup;
			children = (
				ED19D89B21B950A200D92424 /* Beverage.h */,
				ED19D89C21B950A200D92424 /* Beverage.m */,
				ED19D89E21B9524C00D92424 /* HouseBlend.h */,
				ED19D89F21B9524C00D92424 /* HouseBlend.m */,
				ED19D8A121B9536200D92424 /* DarkRoast.h */,
				ED19D8A221B9536200D92424 /* DarkRoast.m */,
				ED19D8A421B953B400D92424 /* Espresso.h */,
				ED19D8A521B953B400D92424 /* Espresso.m */,
				ED19D8A721B953E400D92424 /* Decaf.h */,
				ED19D8A821B953E400D92424 /* Decaf.m */,
			);
			path = Component;
			sourceTree = "<group>";
		};
		ED19D89A21B9506C00D92424 /* Decorate */ = {
			isa = PBXGroup;
			children = (
				ED19D8AA21B9547400D92424 /* CondimentDecorator.h */,
				ED19D8AB21B9547400D92424 /* CondimentDecorator.m */,
				ED19D8B021B954CE00D92424 /* Mocha.h */,
				ED19D8B121B954CE00D92424 /* Mocha.m */,
				ED19D8B321B956B300D92424 /* Milk.h */,
				ED19D8B421B956B300D92424 /* Milk.m */,
				ED19D8B621B9572200D92424 /* Soy.h */,
				ED19D8B721B9572200D92424 /* Soy.m */,
				ED19D8B921B9576000D92424 /* Whip.h */,
				ED19D8BA21B9576000D92424 /* Whip.m */,
			);
			path = Decorate;
			sourceTree = "<group>";
		};
		ED48FE0621C91DE3007EE9B9 /* Example */ = {
			isa = PBXGroup;
			children = (
				ED48FE1F21CA72A7007EE9B9 /* SimpleFactory */,
				ED48FE3021D0FD31007EE9B9 /* Factory */,
				ED943A2B221D836B00BBA091 /* AbstractFactory */,
			);
			path = Example;
			sourceTree = "<group>";
		};
		ED48FE0721C91E03007EE9B9 /* Practice */ = {
			isa = PBXGroup;
			children = (
			);
			path = Practice;
			sourceTree = "<group>";
		};
		ED48FE1F21CA72A7007EE9B9 /* SimpleFactory */ = {
			isa = PBXGroup;
			children = (
				ED48FE1921CA7290007EE9B9 /* PizzaStore.h */,
				ED48FE1A21CA7290007EE9B9 /* PizzaStore.m */,
				ED48FE2021CA72C6007EE9B9 /* SimplePizzaFactory.h */,
				ED48FE2121CA72C6007EE9B9 /* SimplePizzaFactory.m */,
				ED48FE2F21D0FCD2007EE9B9 /* Product */,
			);
			path = SimpleFactory;
			sourceTree = "<group>";
		};
		ED48FE2F21D0FCD2007EE9B9 /* Product */ = {
			isa = PBXGroup;
			children = (
				ED48FE1C21CA72A2007EE9B9 /* Pizza.h */,
				ED48FE1D21CA72A2007EE9B9 /* Pizza.m */,
				ED48FE2321CA7939007EE9B9 /* CheesePizza.h */,
				ED48FE2421CA7939007EE9B9 /* CheesePizza.m */,
				ED48FE2621CA7946007EE9B9 /* VeggiePizza.h */,
				ED48FE2721CA7946007EE9B9 /* VeggiePizza.m */,
				ED48FE2921CA7953007EE9B9 /* ClamPizza.h */,
				ED48FE2A21CA7953007EE9B9 /* ClamPizza.m */,
				ED48FE2C21CA7962007EE9B9 /* PepperoniPizza.h */,
				ED48FE2D21CA7962007EE9B9 /* PepperoniPizza.m */,
			);
			path = Product;
			sourceTree = "<group>";
		};
		ED48FE3021D0FD31007EE9B9 /* Factory */ = {
			isa = PBXGroup;
			children = (
				ED48FE3121D0FD53007EE9B9 /* Creator */,
				ED48FE3221D0FD5C007EE9B9 /* Product */,
			);
			path = Factory;
			sourceTree = "<group>";
		};
		ED48FE3121D0FD53007EE9B9 /* Creator */ = {
			isa = PBXGroup;
			children = (
				ED48FE3321D0FD81007EE9B9 /* YJPizzaStore.h */,
				ED48FE3421D0FD81007EE9B9 /* YJPizzaStore.m */,
				ED48FE3921D10063007EE9B9 /* NYPizzaStore.h */,
				ED48FE3A21D10063007EE9B9 /* NYPizzaStore.m */,
				ED48FE3C21D1007F007EE9B9 /* ChicagoPizzaStore.h */,
				ED48FE3D21D1007F007EE9B9 /* ChicagoPizzaStore.m */,
			);
			path = Creator;
			sourceTree = "<group>";
		};
		ED48FE3221D0FD5C007EE9B9 /* Product */ = {
			isa = PBXGroup;
			children = (
				ED48FE3621D0FD92007EE9B9 /* YJPizza.h */,
				ED48FE3721D0FD92007EE9B9 /* YJPizza.m */,
				ED48FE3F21D100EA007EE9B9 /* NY */,
				ED48FE4021D100F1007EE9B9 /* Chicago */,
			);
			path = Product;
			sourceTree = "<group>";
		};
		ED48FE3F21D100EA007EE9B9 /* NY */ = {
			isa = PBXGroup;
			children = (
				ED48FE4121D10117007EE9B9 /* NYStyleCheesePizza.h */,
				ED48FE4221D10117007EE9B9 /* NYStyleCheesePizza.m */,
				ED48FE4421D10130007EE9B9 /* NYStyleVeggiePizza.h */,
				ED48FE4521D10130007EE9B9 /* NYStyleVeggiePizza.m */,
				ED48FE4721D10142007EE9B9 /* NYStyleClamPizza.h */,
				ED48FE4821D10142007EE9B9 /* NYStyleClamPizza.m */,
				ED48FE4A21D1015B007EE9B9 /* NYStylePepperoniPizza.h */,
				ED48FE4B21D1015B007EE9B9 /* NYStylePepperoniPizza.m */,
			);
			path = NY;
			sourceTree = "<group>";
		};
		ED48FE4021D100F1007EE9B9 /* Chicago */ = {
			isa = PBXGroup;
			children = (
				ED48FE4D21D101A5007EE9B9 /* ChicagoStyleCheesePizza.h */,
				ED48FE4E21D101A5007EE9B9 /* ChicagoStyleCheesePizza.m */,
				ED48FE5021D101B7007EE9B9 /* ChicagoStyleVeggiePizza.h */,
				ED48FE5121D101B7007EE9B9 /* ChicagoStyleVeggiePizza.m */,
				ED48FE5321D1020B007EE9B9 /* ChicagoStyleClamPizza.h */,
				ED48FE5421D1020B007EE9B9 /* ChicagoStyleClamPizza.m */,
				ED48FE5621D10223007EE9B9 /* ChicagoStylePepperoniPizza.h */,
				ED48FE5721D10223007EE9B9 /* ChicagoStylePepperoniPizza.m */,
			);
			path = Chicago;
			sourceTree = "<group>";
		};
		ED8855062224137600676B87 /* SingletonPattern（单例模式） */ = {
			isa = PBXGroup;
			children = (
				ED8855082224142800676B87 /* SingletonPattern.strings */,
				ED88550C2224144200676B87 /* Example */,
				ED88550D2224144A00676B87 /* Practice */,
			);
			path = "SingletonPattern（单例模式）";
			sourceTree = "<group>";
		};
		ED88550C2224144200676B87 /* Example */ = {
			isa = PBXGroup;
			children = (
				ED9B42AC2235309500032EA1 /* Singleton.h */,
				ED9B42AD2235309500032EA1 /* Singleton.m */,
			);
			path = Example;
			sourceTree = "<group>";
		};
		ED88550D2224144A00676B87 /* Practice */ = {
			isa = PBXGroup;
			children = (
			);
			path = Practice;
			sourceTree = "<group>";
		};
		ED943A2B221D836B00BBA091 /* AbstractFactory */ = {
			isa = PBXGroup;
			children = (
				ED943A2C221D847E00BBA091 /* Creator */,
				ED943A2D221D848500BBA091 /* Product */,
				ED943A46221E38E400BBA091 /* Ingredient */,
			);
			path = AbstractFactory;
			sourceTree = "<group>";
		};
		ED943A2C221D847E00BBA091 /* Creator */ = {
			isa = PBXGroup;
			children = (
				ED943A2E221D84EB00BBA091 /* ABasePizzaStore.h */,
				ED943A2F221D84EB00BBA091 /* ABasePizzaStore.m */,
				ED943A40221D85FC00BBA091 /* ANYPizzaStore.h */,
				ED943A41221D85FC00BBA091 /* ANYPizzaStore.m */,
				ED943A43221D861200BBA091 /* AChicagoPizzaStore.h */,
				ED943A44221D861200BBA091 /* AChicagoPizzaStore.m */,
			);
			path = Creator;
			sourceTree = "<group>";
		};
		ED943A2D221D848500BBA091 /* Product */ = {
			isa = PBXGroup;
			children = (
				ED943A31221D850B00BBA091 /* ABasePizza.h */,
				ED943A32221D850B00BBA091 /* ABasePizza.m */,
				ED943A34221D858700BBA091 /* ACheesePizza.h */,
				ED943A35221D858700BBA091 /* ACheesePizza.m */,
				ED943A37221D859700BBA091 /* AVeggiePizza.h */,
				ED943A38221D859700BBA091 /* AVeggiePizza.m */,
				ED943A3A221D85A700BBA091 /* AClamPizza.h */,
				ED943A3B221D85A700BBA091 /* AClamPizza.m */,
				ED943A3D221D85B700BBA091 /* APepperoniPizza.h */,
				ED943A3E221D85B700BBA091 /* APepperoniPizza.m */,
			);
			path = Product;
			sourceTree = "<group>";
		};
		ED943A46221E38E400BBA091 /* Ingredient */ = {
			isa = PBXGroup;
			children = (
				ED943A5F221E3A6300BBA091 /* AIngredientFactory.h */,
				ED943A60221E3A6300BBA091 /* AIngredientFactory.m */,
				ED943A49221E39AB00BBA091 /* AIngredientFirst.h */,
				ED943A4A221E39AB00BBA091 /* AIngredientFirst.m */,
				ED943A4C221E39BF00BBA091 /* AIngredientSecond.h */,
				ED943A4D221E39BF00BBA091 /* AIngredientSecond.m */,
				ED943A48221E397D00BBA091 /* Chicago */,
				ED943A47221E397400BBA091 /* NY */,
			);
			path = Ingredient;
			sourceTree = "<group>";
		};
		ED943A47221E397400BBA091 /* NY */ = {
			isa = PBXGroup;
			children = (
				ED943A65221E3AC600BBA091 /* ANYIngredientFactory.h */,
				ED943A66221E3AC600BBA091 /* ANYIngredientFactory.m */,
				ED943A55221E3A1500BBA091 /* ANYIngredientSecond.h */,
				ED943A56221E3A1500BBA091 /* ANYIngredientSecond.m */,
				ED943A58221E3A2700BBA091 /* ANYIngredientFirst.h */,
				ED943A59221E3A2700BBA091 /* ANYIngredientFirst.m */,
			);
			path = NY;
			sourceTree = "<group>";
		};
		ED943A48221E397D00BBA091 /* Chicago */ = {
			isa = PBXGroup;
			children = (
				ED943A62221E3A9700BBA091 /* AChicagoIngredientFactory.h */,
				ED943A63221E3A9700BBA091 /* AChicagoIngredientFactory.m */,
				ED943A4F221E39DB00BBA091 /* AChicagoIngredientFirst.h */,
				ED943A50221E39DB00BBA091 /* AChicagoIngredientFirst.m */,
				ED943A52221E39F500BBA091 /* AChicagoIngredientSecond.h */,
				ED943A53221E39F500BBA091 /* AChicagoIngredientSecond.m */,
			);
			path = Chicago;
			sourceTree = "<group>";
		};
		EDEC21CD21BE93230088381F /* FactoryPattern (工厂模式) */ = {
			isa = PBXGroup;
			children = (
				EDEC21CE21BE93A50088381F /* FactoryPattern.strings */,
				ED48FE0621C91DE3007EE9B9 /* Example */,
				ED48FE0721C91E03007EE9B9 /* Practice */,
			);
			path = "FactoryPattern (工厂模式)";
			sourceTree = "<group>";
		};
/* End PBXGroup section */

/* Begin PBXNativeTarget section */
		ED19D7F621B1618B00D92424 /* DesignPatterns */ = {
			isa = PBXNativeTarget;
			buildConfigurationList = ED19D81821B1618D00D92424 /* Build configuration list for PBXNativeTarget "DesignPatterns" */;
			buildPhases = (
				ED19D7F321B1618B00D92424 /* Sources */,
				ED19D7F421B1618B00D92424 /* Frameworks */,
				ED19D7F521B1618B00D92424 /* Resources */,
			);
			buildRules = (
			);
			dependencies = (
			);
			name = DesignPatterns;
			productName = DesignPatterns;
			productReference = ED19D7F721B1618B00D92424 /* DesignPatterns.app */;
			productType = "com.apple.product-type.application";
		};
		ED19D80E21B1618D00D92424 /* DesignPatternsTests */ = {
			isa = PBXNativeTarget;
			buildConfigurationList = ED19D81B21B1618D00D92424 /* Build configuration list for PBXNativeTarget "DesignPatternsTests" */;
			buildPhases = (
				ED19D80B21B1618D00D92424 /* Sources */,
				ED19D80C21B1618D00D92424 /* Frameworks */,
				ED19D80D21B1618D00D92424 /* Resources */,
			);
			buildRules = (
			);
			dependencies = (
				ED19D81121B1618D00D92424 /* PBXTargetDependency */,
			);
			name = DesignPatternsTests;
			productName = DesignPatternsTests;
			productReference = ED19D80F21B1618D00D92424 /* DesignPatternsTests.xctest */;
			productType = "com.apple.product-type.bundle.unit-test";
		};
/* End PBXNativeTarget section */

/* Begin PBXProject section */
		ED19D7EF21B1618B00D92424 /* Project object */ = {
			isa = PBXProject;
			attributes = {
				LastUpgradeCheck = 1000;
				ORGANIZATIONNAME = "刘永杰";
				TargetAttributes = {
					ED19D7F621B1618B00D92424 = {
						CreatedOnToolsVersion = 10.0;
					};
					ED19D80E21B1618D00D92424 = {
						CreatedOnToolsVersion = 10.0;
						TestTargetID = ED19D7F621B1618B00D92424;
					};
				};
			};
			buildConfigurationList = ED19D7F221B1618B00D92424 /* Build configuration list for PBXProject "DesignPatterns" */;
			compatibilityVersion = "Xcode 9.3";
			developmentRegion = en;
			hasScannedForEncodings = 0;
			knownRegions = (
				en,
				Base,
			);
			mainGroup = ED19D7EE21B1618B00D92424;
			productRefGroup = ED19D7F821B1618B00D92424 /* Products */;
			projectDirPath = "";
			projectRoot = "";
			targets = (
				ED19D7F621B1618B00D92424 /* DesignPatterns */,
				ED19D80E21B1618D00D92424 /* DesignPatternsTests */,
			);
		};
/* End PBXProject section */

/* Begin PBXResourcesBuildPhase section */
		ED19D7F521B1618B00D92424 /* Resources */ = {
			isa = PBXResourcesBuildPhase;
			buildActionMask = 2147483647;
			files = (
				ED19D88C21B7B6D100D92424 /* PracticeDescription.strings in Resources */,
				ED19D85A21B5170200D92424 /* OODesignPrinciple.strings in Resources */,
				ED19D85F21B5605200D92424 /* ObserverPattern.strings in Resources */,
				EDEC21CF21BE93A50088381F /* FactoryPattern.strings in Resources */,
				ED19D80721B1618D00D92424 /* LaunchScreen.storyboard in Resources */,
				ED8855092224142800676B87 /* SingletonPattern.strings in Resources */,
				ED19D89621B949A100D92424 /* DecoratePattern.strings in Resources */,
				ED19D80421B1618D00D92424 /* Assets.xcassets in Resources */,
				ED19D80221B1618B00D92424 /* Main.storyboard in Resources */,
				ED19D85C21B5190D00D92424 /* StrategyPattern.strings in Resources */,
			);
			runOnlyForDeploymentPostprocessing = 0;
		};
		ED19D80D21B1618D00D92424 /* Resources */ = {
			isa = PBXResourcesBuildPhase;
			buildActionMask = 2147483647;
			files = (
			);
			runOnlyForDeploymentPostprocessing = 0;
		};
/* End PBXResourcesBuildPhase section */

/* Begin PBXSourcesBuildPhase section */
		ED19D7F321B1618B00D92424 /* Sources */ = {
			isa = PBXSourcesBuildPhase;
			buildActionMask = 2147483647;
			files = (
				ED48FE3B21D10063007EE9B9 /* NYPizzaStore.m in Sources */,
				ED943A51221E39DB00BBA091 /* AChicagoIngredientFirst.m in Sources */,
				ED943A5A221E3A2700BBA091 /* ANYIngredientFirst.m in Sources */,
				ED19D82D21B4E67000D92424 /* FlyNoWay.m in Sources */,
				ED48FE2821CA7946007EE9B9 /* VeggiePizza.m in Sources */,
				ED19D82321B4E4A000D92424 /* Duck.m in Sources */,
				ED943A57221E3A1500BBA091 /* ANYIngredientSecond.m in Sources */,
				ED19D87521B685F900D92424 /* FeedListViewController.m in Sources */,
				ED19D8B821B9572200D92424 /* Soy.m in Sources */,
				ED48FE5521D1020B007EE9B9 /* ChicagoStyleClamPizza.m in Sources */,
				ED943A33221D850B00BBA091 /* ABasePizza.m in Sources */,
				ED48FE3821D0FD92007EE9B9 /* YJPizza.m in Sources */,
				ED943A30221D84EB00BBA091 /* ABasePizzaStore.m in Sources */,
				ED48FE3E21D1007F007EE9B9 /* ChicagoPizzaStore.m in Sources */,
				ED48FE2521CA7939007EE9B9 /* CheesePizza.m in Sources */,
				ED19D80A21B1618D00D92424 /* main.m in Sources */,
				ED943A4B221E39AB00BBA091 /* AIngredientFirst.m in Sources */,
				ED48FE2B21CA7953007EE9B9 /* ClamPizza.m in Sources */,
				ED19D89D21B950A200D92424 /* Beverage.m in Sources */,
				ED943A64221E3A9700BBA091 /* AChicagoIngredientFactory.m in Sources */,
				ED19D86F21B6723C00D92424 /* StatisticsDisplay.m in Sources */,
				ED9B42AE2235309500032EA1 /* Singleton.m in Sources */,
				ED48FE5821D10223007EE9B9 /* ChicagoStylePepperoniPizza.m in Sources */,
				ED19D88721B7B26300D92424 /* FeedDetailViewController.m in Sources */,
				ED48FE2E21CA7962007EE9B9 /* PepperoniPizza.m in Sources */,
				ED943A4E221E39BF00BBA091 /* AIngredientSecond.m in Sources */,
				ED19D8A621B953B400D92424 /* Espresso.m in Sources */,
				ED48FE4321D10117007EE9B9 /* NYStyleCheesePizza.m in Sources */,
				ED19D84D21B505EE00D92424 /* WechatPayment.m in Sources */,
				ED943A54221E39F500BBA091 /* AChicagoIngredientSecond.m in Sources */,
				ED19D84421B5054F00D92424 /* PayViewController.m in Sources */,
				ED19D86C21B6722200D92424 /* CurrentConditionsDisplay.m in Sources */,
				ED48FE4F21D101A5007EE9B9 /* ChicagoStyleCheesePizza.m in Sources */,
				ED19D8A321B9536200D92424 /* DarkRoast.m in Sources */,
				ED19D8B521B956B300D92424 /* Milk.m in Sources */,
				ED48FE4921D10142007EE9B9 /* NYStyleClamPizza.m in Sources */,
				ED19D83921B4E75E00D92424 /* MuteQuack.m in Sources */,
				ED19D88421B7755E00D92424 /* FeedCell.m in Sources */,
				ED943A3C221D85A700BBA091 /* AClamPizza.m in Sources */,
				ED19D8A021B9524C00D92424 /* HouseBlend.m in Sources */,
				ED19D87221B6724A00D92424 /* ForecastDisplay.m in Sources */,
				ED48FE5221D101B7007EE9B9 /* ChicagoStyleVeggiePizza.m in Sources */,
				ED19D83021B4E6B900D92424 /* FlyRocketPowered.m in Sources */,
				ED19D84721B505BC00D92424 /* PaymentObject.m in Sources */,
				ED19D82821B4E62900D92424 /* FlyWithWings.m in Sources */,
				ED943A3F221D85B700BBA091 /* APepperoniPizza.m in Sources */,
				ED48FE1E21CA72A2007EE9B9 /* Pizza.m in Sources */,
				ED19D8BB21B9576000D92424 /* Whip.m in Sources */,
				ED48FE2221CA72C6007EE9B9 /* SimplePizzaFactory.m in Sources */,
				ED48FE3521D0FD81007EE9B9 /* YJPizzaStore.m in Sources */,
				ED48FE4C21D1015B007EE9B9 /* NYStylePepperoniPizza.m in Sources */,
				ED943A42221D85FC00BBA091 /* ANYPizzaStore.m in Sources */,
				ED19D8AC21B9547400D92424 /* CondimentDecorator.m in Sources */,
				ED48FE4621D10130007EE9B9 /* NYStyleVeggiePizza.m in Sources */,
				ED19D87B21B763E400D92424 /* FeedModel.m in Sources */,
				ED19D8A921B953E400D92424 /* Decaf.m in Sources */,
				ED19D84A21B505E300D92424 /* Alipayment.m in Sources */,
				ED19D86721B6596F00D92424 /* WeatherData.m in Sources */,
				ED19D7FC21B1618B00D92424 /* AppDelegate.m in Sources */,
				ED48FE1B21CA7291007EE9B9 /* PizzaStore.m in Sources */,
				ED19D85021B5061200D92424 /* ApplePayment.m in Sources */,
				ED19D85821B5144F00D92424 /* MainViewController.m in Sources */,
				ED943A67221E3AC600BBA091 /* ANYIngredientFactory.m in Sources */,
				ED19D8B221B954CE00D92424 /* Mocha.m in Sources */,
				ED19D83F21B5000B00D92424 /* RedHeadDuck.m in Sources */,
				ED19D83621B4E75300D92424 /* Squeak.m in Sources */,
				ED943A45221D861200BBA091 /* AChicagoPizzaStore.m in Sources */,
				ED943A61221E3A6300BBA091 /* AIngredientFactory.m in Sources */,
				ED19D83321B4E73D00D92424 /* Quack.m in Sources */,
				ED943A39221D859700BBA091 /* AVeggiePizza.m in Sources */,
				ED19D8C121BA181600D92424 /* DecorateViewController.m in Sources */,
				ED943A36221D858700BBA091 /* ACheesePizza.m in Sources */,
				ED19D83C21B4FF3D00D92424 /* MallardDuck.m in Sources */,
				ED19D88A21B7B29700D92424 /* FeedDetailView.m in Sources */,
			);
			runOnlyForDeploymentPostprocessing = 0;
		};
		ED19D80B21B1618D00D92424 /* Sources */ = {
			isa = PBXSourcesBuildPhase;
			buildActionMask = 2147483647;
			files = (
				ED19D81421B1618D00D92424 /* DesignPatternsTests.m in Sources */,
			);
			runOnlyForDeploymentPostprocessing = 0;
		};
/* End PBXSourcesBuildPhase section */

/* Begin PBXTargetDependency section */
		ED19D81121B1618D00D92424 /* PBXTargetDependency */ = {
			isa = PBXTargetDependency;
			target = ED19D7F621B1618B00D92424 /* DesignPatterns */;
			targetProxy = ED19D81021B1618D00D92424 /* PBXContainerItemProxy */;
		};
/* End PBXTargetDependency section */

/* Begin PBXVariantGroup section */
		ED19D80021B1618B00D92424 /* Main.storyboard */ = {
			isa = PBXVariantGroup;
			children = (
				ED19D80121B1618B00D92424 /* Base */,
			);
			name = Main.storyboard;
			sourceTree = "<group>";
		};
		ED19D80521B1618D00D92424 /* LaunchScreen.storyboard */ = {
			isa = PBXVariantGroup;
			children = (
				ED19D80621B1618D00D92424 /* Base */,
			);
			name = LaunchScreen.storyboard;
			sourceTree = "<group>";
		};
/* End PBXVariantGroup section */

/* Begin XCBuildConfiguration section */
		ED19D81621B1618D00D92424 /* Debug */ = {
			isa = XCBuildConfiguration;
			buildSettings = {
				ALWAYS_SEARCH_USER_PATHS = NO;
				CLANG_ANALYZER_NONNULL = YES;
				CLANG_ANALYZER_NUMBER_OBJECT_CONVERSION = YES_AGGRESSIVE;
				CLANG_CXX_LANGUAGE_STANDARD = "gnu++14";
				CLANG_CXX_LIBRARY = "libc++";
				CLANG_ENABLE_MODULES = YES;
				CLANG_ENABLE_OBJC_ARC = YES;
				CLANG_ENABLE_OBJC_WEAK = YES;
				CLANG_WARN_BLOCK_CAPTURE_AUTORELEASING = YES;
				CLANG_WARN_BOOL_CONVERSION = YES;
				CLANG_WARN_COMMA = YES;
				CLANG_WARN_CONSTANT_CONVERSION = YES;
				CLANG_WARN_DEPRECATED_OBJC_IMPLEMENTATIONS = YES;
				CLANG_WARN_DIRECT_OBJC_ISA_USAGE = YES_ERROR;
				CLANG_WARN_DOCUMENTATION_COMMENTS = YES;
				CLANG_WARN_EMPTY_BODY = YES;
				CLANG_WARN_ENUM_CONVERSION = YES;
				CLANG_WARN_INFINITE_RECURSION = YES;
				CLANG_WARN_INT_CONVERSION = YES;
				CLANG_WARN_NON_LITERAL_NULL_CONVERSION = YES;
				CLANG_WARN_OBJC_IMPLICIT_RETAIN_SELF = YES;
				CLANG_WARN_OBJC_LITERAL_CONVERSION = YES;
				CLANG_WARN_OBJC_ROOT_CLASS = YES_ERROR;
				CLANG_WARN_RANGE_LOOP_ANALYSIS = YES;
				CLANG_WARN_STRICT_PROTOTYPES = YES;
				CLANG_WARN_SUSPICIOUS_MOVE = YES;
				CLANG_WARN_UNGUARDED_AVAILABILITY = YES_AGGRESSIVE;
				CLANG_WARN_UNREACHABLE_CODE = YES;
				CLANG_WARN__DUPLICATE_METHOD_MATCH = YES;
				CODE_SIGN_IDENTITY = "iPhone Developer";
				COPY_PHASE_STRIP = NO;
				DEBUG_INFORMATION_FORMAT = dwarf;
				ENABLE_STRICT_OBJC_MSGSEND = YES;
				ENABLE_TESTABILITY = YES;
				GCC_C_LANGUAGE_STANDARD = gnu11;
				GCC_DYNAMIC_NO_PIC = NO;
				GCC_NO_COMMON_BLOCKS = YES;
				GCC_OPTIMIZATION_LEVEL = 0;
				GCC_PREPROCESSOR_DEFINITIONS = (
					"DEBUG=1",
					"$(inherited)",
				);
				GCC_WARN_64_TO_32_BIT_CONVERSION = YES;
				GCC_WARN_ABOUT_RETURN_TYPE = YES_ERROR;
				GCC_WARN_UNDECLARED_SELECTOR = YES;
				GCC_WARN_UNINITIALIZED_AUTOS = YES_AGGRESSIVE;
				GCC_WARN_UNUSED_FUNCTION = YES;
				GCC_WARN_UNUSED_VARIABLE = YES;
				IPHONEOS_DEPLOYMENT_TARGET = 12.0;
				MTL_ENABLE_DEBUG_INFO = INCLUDE_SOURCE;
				MTL_FAST_MATH = YES;
				ONLY_ACTIVE_ARCH = YES;
				SDKROOT = iphoneos;
			};
			name = Debug;
		};
		ED19D81721B1618D00D92424 /* Release */ = {
			isa = XCBuildConfiguration;
			buildSettings = {
				ALWAYS_SEARCH_USER_PATHS = NO;
				CLANG_ANALYZER_NONNULL = YES;
				CLANG_ANALYZER_NUMBER_OBJECT_CONVERSION = YES_AGGRESSIVE;
				CLANG_CXX_LANGUAGE_STANDARD = "gnu++14";
				CLANG_CXX_LIBRARY = "libc++";
				CLANG_ENABLE_MODULES = YES;
				CLANG_ENABLE_OBJC_ARC = YES;
				CLANG_ENABLE_OBJC_WEAK = YES;
				CLANG_WARN_BLOCK_CAPTURE_AUTORELEASING = YES;
				CLANG_WARN_BOOL_CONVERSION = YES;
				CLANG_WARN_COMMA = YES;
				CLANG_WARN_CONSTANT_CONVERSION = YES;
				CLANG_WARN_DEPRECATED_OBJC_IMPLEMENTATIONS = YES;
				CLANG_WARN_DIRECT_OBJC_ISA_USAGE = YES_ERROR;
				CLANG_WARN_DOCUMENTATION_COMMENTS = YES;
				CLANG_WARN_EMPTY_BODY = YES;
				CLANG_WARN_ENUM_CONVERSION = YES;
				CLANG_WARN_INFINITE_RECURSION = YES;
				CLANG_WARN_INT_CONVERSION = YES;
				CLANG_WARN_NON_LITERAL_NULL_CONVERSION = YES;
				CLANG_WARN_OBJC_IMPLICIT_RETAIN_SELF = YES;
				CLANG_WARN_OBJC_LITERAL_CONVERSION = YES;
				CLANG_WARN_OBJC_ROOT_CLASS = YES_ERROR;
				CLANG_WARN_RANGE_LOOP_ANALYSIS = YES;
				CLANG_WARN_STRICT_PROTOTYPES = YES;
				CLANG_WARN_SUSPICIOUS_MOVE = YES;
				CLANG_WARN_UNGUARDED_AVAILABILITY = YES_AGGRESSIVE;
				CLANG_WARN_UNREACHABLE_CODE = YES;
				CLANG_WARN__DUPLICATE_METHOD_MATCH = YES;
				CODE_SIGN_IDENTITY = "iPhone Developer";
				COPY_PHASE_STRIP = NO;
				DEBUG_INFORMATION_FORMAT = "dwarf-with-dsym";
				ENABLE_NS_ASSERTIONS = NO;
				ENABLE_STRICT_OBJC_MSGSEND = YES;
				GCC_C_LANGUAGE_STANDARD = gnu11;
				GCC_NO_COMMON_BLOCKS = YES;
				GCC_WARN_64_TO_32_BIT_CONVERSION = YES;
				GCC_WARN_ABOUT_RETURN_TYPE = YES_ERROR;
				GCC_WARN_UNDECLARED_SELECTOR = YES;
				GCC_WARN_UNINITIALIZED_AUTOS = YES_AGGRESSIVE;
				GCC_WARN_UNUSED_FUNCTION = YES;
				GCC_WARN_UNUSED_VARIABLE = YES;
				IPHONEOS_DEPLOYMENT_TARGET = 12.0;
				MTL_ENABLE_DEBUG_INFO = NO;
				MTL_FAST_MATH = YES;
				SDKROOT = iphoneos;
				VALIDATE_PRODUCT = YES;
			};
			name = Release;
		};
		ED19D81921B1618D00D92424 /* Debug */ = {
			isa = XCBuildConfiguration;
			buildSettings = {
				ASSETCATALOG_COMPILER_APPICON_NAME = AppIcon;
				CODE_SIGN_STYLE = Automatic;
				DEVELOPMENT_TEAM = B9842T9339;
				INFOPLIST_FILE = "$(SRCROOT)/Supporting Files/Info.plist";
				LD_RUNPATH_SEARCH_PATHS = (
					"$(inherited)",
					"@executable_path/Frameworks",
				);
				PRODUCT_BUNDLE_IDENTIFIER = lyq.DesignPatterns;
				PRODUCT_NAME = "$(TARGET_NAME)";
				TARGETED_DEVICE_FAMILY = "1,2";
			};
			name = Debug;
		};
		ED19D81A21B1618D00D92424 /* Release */ = {
			isa = XCBuildConfiguration;
			buildSettings = {
				ASSETCATALOG_COMPILER_APPICON_NAME = AppIcon;
				CODE_SIGN_STYLE = Automatic;
				DEVELOPMENT_TEAM = B9842T9339;
				INFOPLIST_FILE = "$(SRCROOT)/Supporting Files/Info.plist";
				LD_RUNPATH_SEARCH_PATHS = (
					"$(inherited)",
					"@executable_path/Frameworks",
				);
				PRODUCT_BUNDLE_IDENTIFIER = lyq.DesignPatterns;
				PRODUCT_NAME = "$(TARGET_NAME)";
				TARGETED_DEVICE_FAMILY = "1,2";
			};
			name = Release;
		};
		ED19D81C21B1618D00D92424 /* Debug */ = {
			isa = XCBuildConfiguration;
			buildSettings = {
				BUNDLE_LOADER = "$(TEST_HOST)";
				CODE_SIGN_STYLE = Automatic;
				DEVELOPMENT_TEAM = B9842T9339;
				INFOPLIST_FILE = DesignPatternsTests/Info.plist;
				LD_RUNPATH_SEARCH_PATHS = (
					"$(inherited)",
					"@executable_path/Frameworks",
					"@loader_path/Frameworks",
				);
				PRODUCT_BUNDLE_IDENTIFIER = lyq.DesignPatternsTests;
				PRODUCT_NAME = "$(TARGET_NAME)";
				TARGETED_DEVICE_FAMILY = "1,2";
				TEST_HOST = "$(BUILT_PRODUCTS_DIR)/DesignPatterns.app/DesignPatterns";
			};
			name = Debug;
		};
		ED19D81D21B1618D00D92424 /* Release */ = {
			isa = XCBuildConfiguration;
			buildSettings = {
				BUNDLE_LOADER = "$(TEST_HOST)";
				CODE_SIGN_STYLE = Automatic;
				DEVELOPMENT_TEAM = B9842T9339;
				INFOPLIST_FILE = DesignPatternsTests/Info.plist;
				LD_RUNPATH_SEARCH_PATHS = (
					"$(inherited)",
					"@executable_path/Frameworks",
					"@loader_path/Frameworks",
				);
				PRODUCT_BUNDLE_IDENTIFIER = lyq.DesignPatternsTests;
				PRODUCT_NAME = "$(TARGET_NAME)";
				TARGETED_DEVICE_FAMILY = "1,2";
				TEST_HOST = "$(BUILT_PRODUCTS_DIR)/DesignPatterns.app/DesignPatterns";
			};
			name = Release;
		};
/* End XCBuildConfiguration section */

/* Begin XCConfigurationList section */
		ED19D7F221B1618B00D92424 /* Build configuration list for PBXProject "DesignPatterns" */ = {
			isa = XCConfigurationList;
			buildConfigurations = (
				ED19D81621B1618D00D92424 /* Debug */,
				ED19D81721B1618D00D92424 /* Release */,
			);
			defaultConfigurationIsVisible = 0;
			defaultConfigurationName = Release;
		};
		ED19D81821B1618D00D92424 /* Build configuration list for PBXNativeTarget "DesignPatterns" */ = {
			isa = XCConfigurationList;
			buildConfigurations = (
				ED19D81921B1618D00D92424 /* Debug */,
				ED19D81A21B1618D00D92424 /* Release */,
			);
			defaultConfigurationIsVisible = 0;
			defaultConfigurationName = Release;
		};
		ED19D81B21B1618D00D92424 /* Build configuration list for PBXNativeTarget "DesignPatternsTests" */ = {
			isa = XCConfigurationList;
			buildConfigurations = (
				ED19D81C21B1618D00D92424 /* Debug */,
				ED19D81D21B1618D00D92424 /* Release */,
			);
			defaultConfigurationIsVisible = 0;
			defaultConfigurationName = Release;
		};
/* End XCConfigurationList section */
	};
	rootObject = ED19D7EF21B1618B00D92424 /* Project object */;
}
